// !$*UTF8*$!
{
	archiveVersion = 1;
	classes = {
	};
	objectVersion = 46;
	objects = {

/* Begin PBXBuildFile section */
		9734BB3316258329003956FE /* tlocPythagorasTest.cpp in Sources */ = {isa = PBXBuildFile; fileRef = 9734BB3216258329003956FE /* tlocPythagorasTest.cpp */; };
		97812E6415A3CCDE00F3C248 /* OpenGLES.framework in Frameworks */ = {isa = PBXBuildFile; fileRef = 97812E6315A3CCDE00F3C248 /* OpenGLES.framework */; };
		97AF92ED16AC944400DB6C90 /* tlocTransformTest.cpp in Sources */ = {isa = PBXBuildFile; fileRef = 97AF92EC16AC944400DB6C90 /* tlocTransformTest.cpp */; };
		97AF92F016AC946A00DB6C90 /* tlocCircleTest.cpp in Sources */ = {isa = PBXBuildFile; fileRef = 97AF92EE16AC946A00DB6C90 /* tlocCircleTest.cpp */; };
		97AF92F116AC946A00DB6C90 /* tlocRectangleTest.cpp in Sources */ = {isa = PBXBuildFile; fileRef = 97AF92EF16AC946A00DB6C90 /* tlocRectangleTest.cpp */; };
		97AF92F316AC94BF00DB6C90 /* tlocContiguityTest.cpp in Sources */ = {isa = PBXBuildFile; fileRef = 97AF92F216AC94BF00DB6C90 /* tlocContiguityTest.cpp */; };
		97C87A0E15DCE69500FE0A6C /* QuartzCore.framework in Frameworks */ = {isa = PBXBuildFile; fileRef = 97C87A0D15DCE69500FE0A6C /* QuartzCore.framework */; };
		97CC77071580A6D900764CF3 /* UIKit.framework in Frameworks */ = {isa = PBXBuildFile; fileRef = 97CC77061580A6D900764CF3 /* UIKit.framework */; };
		97CC77091580A6D900764CF3 /* Foundation.framework in Frameworks */ = {isa = PBXBuildFile; fileRef = 97CC77081580A6D900764CF3 /* Foundation.framework */; };
		97CC770B1580A6D900764CF3 /* CoreGraphics.framework in Frameworks */ = {isa = PBXBuildFile; fileRef = 97CC770A1580A6D900764CF3 /* CoreGraphics.framework */; };
		97F90629161D0EA000BD8A39 /* tlocMatrix2Test.cpp in Sources */ = {isa = PBXBuildFile; fileRef = 97F90625161D0EA000BD8A39 /* tlocMatrix2Test.cpp */; };
		97F9062A161D0EA000BD8A39 /* tlocMatrix3Test.cpp in Sources */ = {isa = PBXBuildFile; fileRef = 97F90626161D0EA000BD8A39 /* tlocMatrix3Test.cpp */; };
		97F9062B161D0EA000BD8A39 /* tlocMatrix4Test.cpp in Sources */ = {isa = PBXBuildFile; fileRef = 97F90627161D0EA000BD8A39 /* tlocMatrix4Test.cpp */; };
		97F9062C161D0EA000BD8A39 /* tlocMatrixTest.cpp in Sources */ = {isa = PBXBuildFile; fileRef = 97F90628161D0EA000BD8A39 /* tlocMatrixTest.cpp */; };
		97F90631161D0EB600BD8A39 /* tlocVector2Test.cpp in Sources */ = {isa = PBXBuildFile; fileRef = 97F9062D161D0EB600BD8A39 /* tlocVector2Test.cpp */; };
		97F90632161D0EB600BD8A39 /* tlocVector3Test.cpp in Sources */ = {isa = PBXBuildFile; fileRef = 97F9062E161D0EB600BD8A39 /* tlocVector3Test.cpp */; };
		97F90633161D0EB600BD8A39 /* tlocVector4Test.cpp in Sources */ = {isa = PBXBuildFile; fileRef = 97F9062F161D0EB600BD8A39 /* tlocVector4Test.cpp */; };
		97F90634161D0EB600BD8A39 /* tlocVectorTest.cpp in Sources */ = {isa = PBXBuildFile; fileRef = 97F90630161D0EB600BD8A39 /* tlocVectorTest.cpp */; };
		97F90636161D0EDF00BD8A39 /* tlocMathTest.cpp in Sources */ = {isa = PBXBuildFile; fileRef = 97F90635161D0EDF00BD8A39 /* tlocMathTest.cpp */; };
		97F9063B161D0F3200BD8A39 /* main.cpp in Sources */ = {isa = PBXBuildFile; fileRef = 97F90637161D0F3200BD8A39 /* main.cpp */; };
		97F9063C161D0F3200BD8A39 /* tlocAngleTest.cpp in Sources */ = {isa = PBXBuildFile; fileRef = 97F90638161D0F3200BD8A39 /* tlocAngleTest.cpp */; };
		97F9063D161D0F3200BD8A39 /* tlocTestCommon.cpp in Sources */ = {isa = PBXBuildFile; fileRef = 97F90639161D0F3200BD8A39 /* tlocTestCommon.cpp */; };
/* End PBXBuildFile section */

/* Begin PBXFileReference section */
		9734BB3216258329003956FE /* tlocPythagorasTest.cpp */ = {isa = PBXFileReference; fileEncoding = 4; lastKnownFileType = sourcecode.cpp.cpp; name = tlocPythagorasTest.cpp; path = ../../../../src/tlocTests/math/tlocPythagorasTest.cpp; sourceTree = "<group>"; };
		97812E6315A3CCDE00F3C248 /* OpenGLES.framework */ = {isa = PBXFileReference; lastKnownFileType = wrapper.framework; name = OpenGLES.framework; path = System/Library/Frameworks/OpenGLES.framework; sourceTree = SDKROOT; };
		97AF92EC16AC944400DB6C90 /* tlocTransformTest.cpp */ = {isa = PBXFileReference; fileEncoding = 4; lastKnownFileType = sourcecode.cpp.cpp; name = tlocTransformTest.cpp; path = ../../../../src/tlocTests/math/tlocTransformTest.cpp; sourceTree = "<group>"; };
		97AF92EE16AC946A00DB6C90 /* tlocCircleTest.cpp */ = {isa = PBXFileReference; fileEncoding = 4; lastKnownFileType = sourcecode.cpp.cpp; name = tlocCircleTest.cpp; path = ../../../../src/tlocTests/math/tlocCircleTest.cpp; sourceTree = "<group>"; };
		97AF92EF16AC946A00DB6C90 /* tlocRectangleTest.cpp */ = {isa = PBXFileReference; fileEncoding = 4; lastKnownFileType = sourcecode.cpp.cpp; name = tlocRectangleTest.cpp; path = ../../../../src/tlocTests/math/tlocRectangleTest.cpp; sourceTree = "<group>"; };
		97AF92F216AC94BF00DB6C90 /* tlocContiguityTest.cpp */ = {isa = PBXFileReference; fileEncoding = 4; lastKnownFileType = sourcecode.cpp.cpp; name = tlocContiguityTest.cpp; path = ../../../../src/tlocTests/math/tlocContiguityTest.cpp; sourceTree = "<group>"; };
		97C87A0D15DCE69500FE0A6C /* QuartzCore.framework */ = {isa = PBXFileReference; lastKnownFileType = wrapper.framework; name = QuartzCore.framework; path = System/Library/Frameworks/QuartzCore.framework; sourceTree = SDKROOT; };
		97CC77021580A6D900764CF3 /* tlocMathTest.app */ = {isa = PBXFileReference; explicitFileType = wrapper.application; includeInIndex = 0; path = tlocMathTest.app; sourceTree = BUILT_PRODUCTS_DIR; };
		97CC77061580A6D900764CF3 /* UIKit.framework */ = {isa = PBXFileReference; lastKnownFileType = wrapper.framework; name = UIKit.framework; path = System/Library/Frameworks/UIKit.framework; sourceTree = SDKROOT; };
		97CC77081580A6D900764CF3 /* Foundation.framework */ = {isa = PBXFileReference; lastKnownFileType = wrapper.framework; name = Foundation.framework; path = System/Library/Frameworks/Foundation.framework; sourceTree = SDKROOT; };
		97CC770A1580A6D900764CF3 /* CoreGraphics.framework */ = {isa = PBXFileReference; lastKnownFileType = wrapper.framework; name = CoreGraphics.framework; path = System/Library/Frameworks/CoreGraphics.framework; sourceTree = SDKROOT; };
		97E494AD15DE6D7600F8DE7F /* tlocMathTest-Info.plist */ = {isa = PBXFileReference; fileEncoding = 4; lastKnownFileType = text.plist.xml; name = "tlocMathTest-Info.plist"; path = "SupportingFiles/tlocMathTest-Info.plist"; sourceTree = "<group>"; };
		97F90625161D0EA000BD8A39 /* tlocMatrix2Test.cpp */ = {isa = PBXFileReference; fileEncoding = 4; lastKnownFileType = sourcecode.cpp.cpp; name = tlocMatrix2Test.cpp; path = ../../../../src/tlocTests/math/tlocMatrix2Test.cpp; sourceTree = "<group>"; };
		97F90626161D0EA000BD8A39 /* tlocMatrix3Test.cpp */ = {isa = PBXFileReference; fileEncoding = 4; lastKnownFileType = sourcecode.cpp.cpp; name = tlocMatrix3Test.cpp; path = ../../../../src/tlocTests/math/tlocMatrix3Test.cpp; sourceTree = "<group>"; };
		97F90627161D0EA000BD8A39 /* tlocMatrix4Test.cpp */ = {isa = PBXFileReference; fileEncoding = 4; lastKnownFileType = sourcecode.cpp.cpp; name = tlocMatrix4Test.cpp; path = ../../../../src/tlocTests/math/tlocMatrix4Test.cpp; sourceTree = "<group>"; };
		97F90628161D0EA000BD8A39 /* tlocMatrixTest.cpp */ = {isa = PBXFileReference; fileEncoding = 4; lastKnownFileType = sourcecode.cpp.cpp; name = tlocMatrixTest.cpp; path = ../../../../src/tlocTests/math/tlocMatrixTest.cpp; sourceTree = "<group>"; };
		97F9062D161D0EB600BD8A39 /* tlocVector2Test.cpp */ = {isa = PBXFileReference; fileEncoding = 4; lastKnownFileType = sourcecode.cpp.cpp; name = tlocVector2Test.cpp; path = ../../../../src/tlocTests/math/tlocVector2Test.cpp; sourceTree = "<group>"; };
		97F9062E161D0EB600BD8A39 /* tlocVector3Test.cpp */ = {isa = PBXFileReference; fileEncoding = 4; lastKnownFileType = sourcecode.cpp.cpp; name = tlocVector3Test.cpp; path = ../../../../src/tlocTests/math/tlocVector3Test.cpp; sourceTree = "<group>"; };
		97F9062F161D0EB600BD8A39 /* tlocVector4Test.cpp */ = {isa = PBXFileReference; fileEncoding = 4; lastKnownFileType = sourcecode.cpp.cpp; name = tlocVector4Test.cpp; path = ../../../../src/tlocTests/math/tlocVector4Test.cpp; sourceTree = "<group>"; };
		97F90630161D0EB600BD8A39 /* tlocVectorTest.cpp */ = {isa = PBXFileReference; fileEncoding = 4; lastKnownFileType = sourcecode.cpp.cpp; name = tlocVectorTest.cpp; path = ../../../../src/tlocTests/math/tlocVectorTest.cpp; sourceTree = "<group>"; };
		97F90635161D0EDF00BD8A39 /* tlocMathTest.cpp */ = {isa = PBXFileReference; fileEncoding = 4; lastKnownFileType = sourcecode.cpp.cpp; name = tlocMathTest.cpp; path = ../../../../src/tlocTests/math/tlocMathTest.cpp; sourceTree = "<group>"; };
		97F90637161D0F3200BD8A39 /* main.cpp */ = {isa = PBXFileReference; fileEncoding = 4; lastKnownFileType = sourcecode.cpp.cpp; name = main.cpp; path = ../../../../src/tlocTests/math/main.cpp; sourceTree = "<group>"; };
		97F90638161D0F3200BD8A39 /* tlocAngleTest.cpp */ = {isa = PBXFileReference; fileEncoding = 4; lastKnownFileType = sourcecode.cpp.cpp; name = tlocAngleTest.cpp; path = ../../../../src/tlocTests/math/tlocAngleTest.cpp; sourceTree = "<group>"; };
		97F90639161D0F3200BD8A39 /* tlocTestCommon.cpp */ = {isa = PBXFileReference; fileEncoding = 4; lastKnownFileType = sourcecode.cpp.cpp; lineEnding = 2; name = tlocTestCommon.cpp; path = ../../../../src/tlocTests/math/tlocTestCommon.cpp; sourceTree = "<group>"; xcLanguageSpecificationIdentifier = xcode.lang.cpp; };
		97F9063A161D0F3200BD8A39 /* tlocTestCommon.h */ = {isa = PBXFileReference; fileEncoding = 4; lastKnownFileType = sourcecode.c.h; lineEnding = 2; name = tlocTestCommon.h; path = ../../../../src/tlocTests/math/tlocTestCommon.h; sourceTree = "<group>"; xcLanguageSpecificationIdentifier = xcode.lang.objcpp; };
/* End PBXFileReference section */

/* Begin PBXFrameworksBuildPhase section */
		97CC76FF1580A6D900764CF3 /* Frameworks */ = {
			isa = PBXFrameworksBuildPhase;
			buildActionMask = 2147483647;
			files = (
				97C87A0E15DCE69500FE0A6C /* QuartzCore.framework in Frameworks */,
				97CC770B1580A6D900764CF3 /* CoreGraphics.framework in Frameworks */,
				97812E6415A3CCDE00F3C248 /* OpenGLES.framework in Frameworks */,
				97CC77071580A6D900764CF3 /* UIKit.framework in Frameworks */,
				97CC77091580A6D900764CF3 /* Foundation.framework in Frameworks */,
			);
			runOnlyForDeploymentPostprocessing = 0;
		};
/* End PBXFrameworksBuildPhase section */

/* Begin PBXGroup section */
		9734BB301625830B003956FE /* utilities */ = {
			isa = PBXGroup;
			children = (
				9734BB3216258329003956FE /* tlocPythagorasTest.cpp */,
			);
			name = utilities;
			sourceTree = "<group>";
		};
		97AF92E916AC93D900DB6C90 /* angle */ = {
			isa = PBXGroup;
			children = (
				97F90638161D0F3200BD8A39 /* tlocAngleTest.cpp */,
			);
			name = angle;
			sourceTree = "<group>";
		};
		97AF92EA16AC93ED00DB6C90 /* component_system */ = {
			isa = PBXGroup;
			children = (
				97AF92EC16AC944400DB6C90 /* tlocTransformTest.cpp */,
			);
			name = component_system;
			sourceTree = "<group>";
		};
		97AF92EB16AC93F800DB6C90 /* data_types */ = {
			isa = PBXGroup;
			children = (
				97AF92EE16AC946A00DB6C90 /* tlocCircleTest.cpp */,
				97AF92EF16AC946A00DB6C90 /* tlocRectangleTest.cpp */,
			);
			name = data_types;
			sourceTree = "<group>";
		};
		97C87BE315DE3DC500FE0A6C /* tlocMathTest */ = {
			isa = PBXGroup;
			children = (
				97F90621161D0E7500BD8A39 /* Math */,
				97F90637161D0F3200BD8A39 /* main.cpp */,
				97AF92F216AC94BF00DB6C90 /* tlocContiguityTest.cpp */,
				97F90639161D0F3200BD8A39 /* tlocTestCommon.cpp */,
				97F9063A161D0F3200BD8A39 /* tlocTestCommon.h */,
				97C87D4F15DE51FD00FE0A6C /* Supporting Files */,
			);
			name = tlocMathTest;
			sourceTree = "<group>";
		};
		97C87D4F15DE51FD00FE0A6C /* Supporting Files */ = {
			isa = PBXGroup;
			children = (
				97E494AD15DE6D7600F8DE7F /* tlocMathTest-Info.plist */,
			);
			name = "Supporting Files";
			sourceTree = "<group>";
		};
		97CC76F71580A6D800764CF3 = {
			isa = PBXGroup;
			children = (
				97C87BE315DE3DC500FE0A6C /* tlocMathTest */,
				97CC77051580A6D900764CF3 /* Frameworks */,
				97CC77031580A6D900764CF3 /* Products */,
			);
			sourceTree = "<group>";
		};
		97CC77031580A6D900764CF3 /* Products */ = {
			isa = PBXGroup;
			children = (
				97CC77021580A6D900764CF3 /* tlocMathTest.app */,
			);
			name = Products;
			sourceTree = "<group>";
		};
		97CC77051580A6D900764CF3 /* Frameworks */ = {
			isa = PBXGroup;
			children = (
				97C87A0D15DCE69500FE0A6C /* QuartzCore.framework */,
				97812E6315A3CCDE00F3C248 /* OpenGLES.framework */,
				97CC77061580A6D900764CF3 /* UIKit.framework */,
				97CC77081580A6D900764CF3 /* Foundation.framework */,
				97CC770A1580A6D900764CF3 /* CoreGraphics.framework */,
			);
			name = Frameworks;
			sourceTree = "<group>";
		};
		97F90621161D0E7500BD8A39 /* Math */ = {
			isa = PBXGroup;
			children = (
				97AF92E916AC93D900DB6C90 /* angle */,
				97AF92EA16AC93ED00DB6C90 /* component_system */,
				97AF92EB16AC93F800DB6C90 /* data_types */,
				97F90624161D0E8400BD8A39 /* matrix */,
				9734BB301625830B003956FE /* utilities */,
				97F90623161D0E7F00BD8A39 /* vector */,
				97F90635161D0EDF00BD8A39 /* tlocMathTest.cpp */,
			);
			name = Math;
			sourceTree = "<group>";
		};
		97F90623161D0E7F00BD8A39 /* vector */ = {
			isa = PBXGroup;
			children = (
				97F9062D161D0EB600BD8A39 /* tlocVector2Test.cpp */,
				97F9062E161D0EB600BD8A39 /* tlocVector3Test.cpp */,
				97F9062F161D0EB600BD8A39 /* tlocVector4Test.cpp */,
				97F90630161D0EB600BD8A39 /* tlocVectorTest.cpp */,
			);
			name = vector;
			sourceTree = "<group>";
		};
		97F90624161D0E8400BD8A39 /* matrix */ = {
			isa = PBXGroup;
			children = (
				97F90625161D0EA000BD8A39 /* tlocMatrix2Test.cpp */,
				97F90626161D0EA000BD8A39 /* tlocMatrix3Test.cpp */,
				97F90627161D0EA000BD8A39 /* tlocMatrix4Test.cpp */,
				97F90628161D0EA000BD8A39 /* tlocMatrixTest.cpp */,
			);
			name = matrix;
			sourceTree = "<group>";
		};
/* End PBXGroup section */

/* Begin PBXNativeTarget section */
		97CC77011580A6D900764CF3 /* tlocMathTest */ = {
			isa = PBXNativeTarget;
			buildConfigurationList = 97CC771A1580A6D900764CF3 /* Build configuration list for PBXNativeTarget "tlocMathTest" */;
			buildPhases = (
				97CC76FE1580A6D900764CF3 /* Sources */,
				97CC76FF1580A6D900764CF3 /* Frameworks */,
				97CC77001580A6D900764CF3 /* Resources */,
			);
			buildRules = (
			);
			dependencies = (
			);
			name = tlocMathTest;
			productName = tlocTesting;
			productReference = 97CC77021580A6D900764CF3 /* tlocMathTest.app */;
			productType = "com.apple.product-type.application";
		};
/* End PBXNativeTarget section */

/* Begin PBXProject section */
		97CC76F91580A6D800764CF3 /* Project object */ = {
			isa = PBXProject;
			attributes = {
				LastUpgradeCheck = 0460;
			};
			buildConfigurationList = 97CC76FC1580A6D800764CF3 /* Build configuration list for PBXProject "tlocMathTest" */;
			compatibilityVersion = "Xcode 3.2";
			developmentRegion = English;
			hasScannedForEncodings = 0;
			knownRegions = (
				en,
			);
			mainGroup = 97CC76F71580A6D800764CF3;
			productRefGroup = 97CC77031580A6D900764CF3 /* Products */;
			projectDirPath = "";
			projectRoot = "";
			targets = (
				97CC77011580A6D900764CF3 /* tlocMathTest */,
			);
		};
/* End PBXProject section */

/* Begin PBXResourcesBuildPhase section */
		97CC77001580A6D900764CF3 /* Resources */ = {
			isa = PBXResourcesBuildPhase;
			buildActionMask = 2147483647;
			files = (
			);
			runOnlyForDeploymentPostprocessing = 0;
		};
/* End PBXResourcesBuildPhase section */

/* Begin PBXSourcesBuildPhase section */
		97CC76FE1580A6D900764CF3 /* Sources */ = {
			isa = PBXSourcesBuildPhase;
			buildActionMask = 2147483647;
			files = (
				97F90629161D0EA000BD8A39 /* tlocMatrix2Test.cpp in Sources */,
				97F9062A161D0EA000BD8A39 /* tlocMatrix3Test.cpp in Sources */,
				97F9062B161D0EA000BD8A39 /* tlocMatrix4Test.cpp in Sources */,
				97F9062C161D0EA000BD8A39 /* tlocMatrixTest.cpp in Sources */,
				97F90631161D0EB600BD8A39 /* tlocVector2Test.cpp in Sources */,
				97F90632161D0EB600BD8A39 /* tlocVector3Test.cpp in Sources */,
				97F90633161D0EB600BD8A39 /* tlocVector4Test.cpp in Sources */,
				97F90634161D0EB600BD8A39 /* tlocVectorTest.cpp in Sources */,
				97F90636161D0EDF00BD8A39 /* tlocMathTest.cpp in Sources */,
				97F9063B161D0F3200BD8A39 /* main.cpp in Sources */,
				97F9063C161D0F3200BD8A39 /* tlocAngleTest.cpp in Sources */,
				97F9063D161D0F3200BD8A39 /* tlocTestCommon.cpp in Sources */,
				9734BB3316258329003956FE /* tlocPythagorasTest.cpp in Sources */,
				97AF92ED16AC944400DB6C90 /* tlocTransformTest.cpp in Sources */,
				97AF92F016AC946A00DB6C90 /* tlocCircleTest.cpp in Sources */,
				97AF92F116AC946A00DB6C90 /* tlocRectangleTest.cpp in Sources */,
				97AF92F316AC94BF00DB6C90 /* tlocContiguityTest.cpp in Sources */,
			);
			runOnlyForDeploymentPostprocessing = 0;
		};
/* End PBXSourcesBuildPhase section */

/* Begin XCBuildConfiguration section */
		97CC77181580A6D900764CF3 /* Debug */ = {
			isa = XCBuildConfiguration;
			buildSettings = {
				ALWAYS_SEARCH_USER_PATHS = YES;
				ARCHS = "$(ARCHS_STANDARD_32_BIT)";
				CLANG_WARN_CONSTANT_CONVERSION = YES;
				CLANG_WARN_ENUM_CONVERSION = YES;
				CLANG_WARN_INT_CONVERSION = YES;
				CLANG_WARN__DUPLICATE_METHOD_MATCH = YES;
				"CODE_SIGN_IDENTITY[sdk=iphoneos*]" = "iPhone Developer";
				CONFIGURATION_BUILD_DIR = "$(TLOC_PATH)/bin/Xcode4/$(CONFIGURATION)/$(PLATFORM_NAME)/$(PROJECT_NAME)";
				CONFIGURATION_TEMP_DIR = "$(CONFIGURATION)/$(PLATFORM_NAME)";
				COPY_PHASE_STRIP = NO;
				GCC_C_LANGUAGE_STANDARD = gnu99;
				GCC_DYNAMIC_NO_PIC = NO;
				GCC_ENABLE_CPP_RTTI = NO;
				GCC_OPTIMIZATION_LEVEL = 0;
				GCC_PREPROCESSOR_DEFINITIONS = (
					"DEBUG=1",
					"$(inherited)",
				);
				GCC_PREPROCESSOR_DEFINITIONS_NOT_USED_IN_PRECOMPS = (
					TLOC_DEBUG,
					TLOC_ENABLE_CPPUNWIND,
					TLOC_USING_STL,
					TLOC_ENABLE_ASSERT_LOW_LEVEL,
				);
				GCC_SYMBOLS_PRIVATE_EXTERN = NO;
				GCC_VERSION = com.apple.compilers.llvm.clang.1_0;
				GCC_WARN_ABOUT_RETURN_TYPE = YES;
				GCC_WARN_UNINITIALIZED_AUTOS = YES;
				GCC_WARN_UNUSED_VARIABLE = YES;
				INFOPLIST_FILE = "SupportingFiles/tlocTesting-Info.plist";
				INFOPLIST_PREPROCESSOR_DEFINITIONS = "";
				OTHER_LDFLAGS = (
					"\"$(TLOC_PATH)/lib/Xcode4/$(CONFIGURATION)/$(PLATFORM_NAME)/tlocCore/tlocCore_$(CONFIGURATION).a\"",
					"\"$(TLOC_PATH)/lib/Xcode4/$(CONFIGURATION)/$(PLATFORM_NAME)/tlocMath/tlocMath_$(CONFIGURATION).a\"",
				);
				PRELINK_FLAGS = "";
				SDKROOT = iphoneos;
				TARGETED_DEVICE_FAMILY = "1,2";
				USER_HEADER_SEARCH_PATHS = "$(TLOC_DEP_PATH)/include/CATCH/include $(TLOC_DEP_PATH)/include/CATCH/single_include $(TLOC_PATH)/src/";
				WARNING_CFLAGS = "";
				WARNING_LDFLAGS = "";
			};
			name = Debug;
		};
		97CC77191580A6D900764CF3 /* Release */ = {
			isa = XCBuildConfiguration;
			buildSettings = {
				ALWAYS_SEARCH_USER_PATHS = YES;
				ARCHS = "$(ARCHS_STANDARD_32_BIT)";
				CLANG_WARN_CONSTANT_CONVERSION = YES;
				CLANG_WARN_ENUM_CONVERSION = YES;
				CLANG_WARN_INT_CONVERSION = YES;
				CLANG_WARN__DUPLICATE_METHOD_MATCH = YES;
				"CODE_SIGN_IDENTITY[sdk=iphoneos*]" = "iPhone Developer";
				CONFIGURATION_BUILD_DIR = "$(TLOC_PATH)/bin/Xcode4/$(CONFIGURATION)/$(PLATFORM_NAME)/$(PROJECT_NAME)";
				CONFIGURATION_TEMP_DIR = "$(CONFIGURATION)/$(PLATFORM_NAME)";
				COPY_PHASE_STRIP = YES;
				GCC_C_LANGUAGE_STANDARD = gnu99;
				GCC_ENABLE_CPP_RTTI = NO;
				GCC_PREPROCESSOR_DEFINITIONS_NOT_USED_IN_PRECOMPS = (
					TLOC_RELEASE,
					TLOC_ENABLE_CPPUNWIND,
					TLOC_USING_STL,
					TLOC_ENABLE_ASSERT_LOW_LEVEL,
				);
				GCC_VERSION = com.apple.compilers.llvm.clang.1_0;
				GCC_WARN_ABOUT_RETURN_TYPE = YES;
				GCC_WARN_UNINITIALIZED_AUTOS = YES;
				GCC_WARN_UNUSED_VARIABLE = YES;
				INFOPLIST_FILE = "SupportingFiles/tlocTesting-Info.plist";
				INFOPLIST_PREPROCESSOR_DEFINITIONS = "";
				OTHER_CFLAGS = "";
				OTHER_LDFLAGS = (
					"\"$(TLOC_PATH)/lib/Xcode4/$(CONFIGURATION)/$(PLATFORM_NAME)/tlocCore/tlocCore_$(CONFIGURATION).a\"",
					"\"$(TLOC_PATH)/lib/Xcode4/$(CONFIGURATION)/$(PLATFORM_NAME)/tlocMath/tlocMath_$(CONFIGURATION).a\"",
				);
				PRELINK_FLAGS = "";
				SDKROOT = iphoneos;
				TARGETED_DEVICE_FAMILY = "1,2";
				USER_HEADER_SEARCH_PATHS = "$(TLOC_DEP_PATH)/include/CATCH/include $(TLOC_DEP_PATH)/include/CATCH/single_include $(TLOC_PATH)/src/";
				VALIDATE_PRODUCT = YES;
				WARNING_CFLAGS = "";
				WARNING_LDFLAGS = "";
			};
			name = Release;
		};
		97CC771B1580A6D900764CF3 /* Debug */ = {
			isa = XCBuildConfiguration;
			buildSettings = {
				INFOPLIST_FILE = "SupportingFiles/tlocMathTest-Info.plist";
				PRODUCT_NAME = tlocMathTest;
				WRAPPER_EXTENSION = app;
			};
			name = Debug;
		};
		97CC771C1580A6D900764CF3 /* Release */ = {
			isa = XCBuildConfiguration;
			buildSettings = {
				INFOPLIST_FILE = "SupportingFiles/tlocMathTest-Info.plist";
				PRODUCT_NAME = tlocMathTest;
				WRAPPER_EXTENSION = app;
			};
			name = Release;
		};
/* End XCBuildConfiguration section */

/* Begin XCConfigurationList section */
		97CC76FC1580A6D800764CF3 /* Build configuration list for PBXProject "tlocMathTest" */ = {
			isa = XCConfigurationList;
			buildConfigurations = (
				97CC77181580A6D900764CF3 /* Debug */,
				97CC77191580A6D900764CF3 /* Release */,
			);
			defaultConfigurationIsVisible = 0;
			defaultConfigurationName = Release;
		};
		97CC771A1580A6D900764CF3 /* Build configuration list for PBXNativeTarget "tlocMathTest" */ = {
			isa = XCConfigurationList;
			buildConfigurations = (
				97CC771B1580A6D900764CF3 /* Debug */,
				97CC771C1580A6D900764CF3 /* Release */,
			);
			defaultConfigurationIsVisible = 0;
			defaultConfigurationName = Release;
		};
/* End XCConfigurationList section */
	};
	rootObject = 97CC76F91580A6D800764CF3 /* Project object */;
}
