// !$*UTF8*$!
{
	archiveVersion = 1;
	classes = {
	};
	objectVersion = 46;
	objects = {

/* Begin PBXBuildFile section */
		9743B25716EB20AF00D1BFFF /* Foundation.framework in Frameworks */ = {isa = PBXBuildFile; fileRef = 9743B25616EB20AF00D1BFFF /* Foundation.framework */; };
		9743B26A16EB21D800D1BFFF /* tloc_physics.cpp in Sources */ = {isa = PBXBuildFile; fileRef = 9743B26516EB21D800D1BFFF /* tloc_physics.cpp */; };
		9743B26B16EB21D800D1BFFF /* tlocDepVersionCheck.cpp in Sources */ = {isa = PBXBuildFile; fileRef = 9743B26916EB21D800D1BFFF /* tlocDepVersionCheck.cpp */; };
		9743B27416EB223300D1BFFF /* tloc_box2d.cpp in Sources */ = {isa = PBXBuildFile; fileRef = 9743B26F16EB223300D1BFFF /* tloc_box2d.cpp */; };
		9743B27516EB223300D1BFFF /* tlocPhysicsManager.cpp in Sources */ = {isa = PBXBuildFile; fileRef = 9743B27216EB223300D1BFFF /* tlocPhysicsManager.cpp */; };
		9743B27F16EB226300D1BFFF /* tlocRigidBodyDef.cpp in Sources */ = {isa = PBXBuildFile; fileRef = 9743B27A16EB226300D1BFFF /* tlocRigidBodyDef.cpp */; };
		9743B28016EB226300D1BFFF /* tlocRigidBodyShapeDef.cpp in Sources */ = {isa = PBXBuildFile; fileRef = 9743B27C16EB226300D1BFFF /* tlocRigidBodyShapeDef.cpp */; };
		9743B28116EB226300D1BFFF /* tlocRigidBody.cpp in Sources */ = {isa = PBXBuildFile; fileRef = 9743B27E16EB226300D1BFFF /* tlocRigidBody.cpp */; };
		9743B28416EB227200D1BFFF /* tlocWorld.cpp in Sources */ = {isa = PBXBuildFile; fileRef = 9743B28216EB227200D1BFFF /* tlocWorld.cpp */; };
		9743B28816EB228B00D1BFFF /* tloc_component_system.cpp in Sources */ = {isa = PBXBuildFile; fileRef = 9743B28516EB228B00D1BFFF /* tloc_component_system.cpp */; };
		9743B29216EB230100D1BFFF /* tlocRigidBodyListenerSystem.cpp in Sources */ = {isa = PBXBuildFile; fileRef = 9743B28E16EB230100D1BFFF /* tlocRigidBodyListenerSystem.cpp */; };
		9743B29316EB230100D1BFFF /* tlocRigidBodySystem.cpp in Sources */ = {isa = PBXBuildFile; fileRef = 9743B29016EB230100D1BFFF /* tlocRigidBodySystem.cpp */; };
		9743B29716EB235800D1BFFF /* tlocRigidBodyListenerComponent.cpp in Sources */ = {isa = PBXBuildFile; fileRef = 9743B29616EB235800D1BFFF /* tlocRigidBodyListenerComponent.cpp */; };
		9743B29A16EB237400D1BFFF /* tlocRigidBodyComponent.cpp in Sources */ = {isa = PBXBuildFile; fileRef = 9743B29916EB237400D1BFFF /* tlocRigidBodyComponent.cpp */; };
		9743B29D16EB238B00D1BFFF /* tlocRigidBodyShapeComponent.cpp in Sources */ = {isa = PBXBuildFile; fileRef = 9743B29C16EB238B00D1BFFF /* tlocRigidBodyShapeComponent.cpp */; };
		9743B2A216EB23AD00D1BFFF /* tloc_error.cpp in Sources */ = {isa = PBXBuildFile; fileRef = 9743B29E16EB23AD00D1BFFF /* tloc_error.cpp */; };
/* End PBXBuildFile section */

/* Begin PBXCopyFilesBuildPhase section */
		9743B25116EB20AF00D1BFFF /* CopyFiles */ = {
			isa = PBXCopyFilesBuildPhase;
			buildActionMask = 2147483647;
			dstPath = "include/${PRODUCT_NAME}";
			dstSubfolderSpec = 16;
			files = (
			);
			runOnlyForDeploymentPostprocessing = 0;
		};
/* End PBXCopyFilesBuildPhase section */

/* Begin PBXFileReference section */
		9743B25316EB20AF00D1BFFF /* tlocPhysics_Debug.a */ = {isa = PBXFileReference; explicitFileType = archive.ar; includeInIndex = 0; path = tlocPhysics_Debug.a; sourceTree = BUILT_PRODUCTS_DIR; };
		9743B25616EB20AF00D1BFFF /* Foundation.framework */ = {isa = PBXFileReference; lastKnownFileType = wrapper.framework; name = Foundation.framework; path = System/Library/Frameworks/Foundation.framework; sourceTree = SDKROOT; };
		9743B26516EB21D800D1BFFF /* tloc_physics.cpp */ = {isa = PBXFileReference; fileEncoding = 4; lastKnownFileType = sourcecode.cpp.cpp; name = tloc_physics.cpp; path = ../../../../src/tlocPhysics/tloc_physics.cpp; sourceTree = "<group>"; };
		9743B26616EB21D800D1BFFF /* tloc_physics.h */ = {isa = PBXFileReference; fileEncoding = 4; lastKnownFileType = sourcecode.c.h; name = tloc_physics.h; path = ../../../../src/tlocPhysics/tloc_physics.h; sourceTree = "<group>"; };
		9743B26716EB21D800D1BFFF /* tloc_physics.inl */ = {isa = PBXFileReference; fileEncoding = 4; lastKnownFileType = text; name = tloc_physics.inl; path = ../../../../src/tlocPhysics/tloc_physics.inl; sourceTree = "<group>"; };
		9743B26816EB21D800D1BFFF /* tlocPhysicsBase.h */ = {isa = PBXFileReference; fileEncoding = 4; lastKnownFileType = sourcecode.c.h; name = tlocPhysicsBase.h; path = ../../../../src/tlocPhysics/tlocPhysicsBase.h; sourceTree = "<group>"; };
		9743B26916EB21D800D1BFFF /* tlocDepVersionCheck.cpp */ = {isa = PBXFileReference; fileEncoding = 4; lastKnownFileType = sourcecode.cpp.cpp; name = tlocDepVersionCheck.cpp; path = ../../../../src/tlocPhysics/tlocDepVersionCheck.cpp; sourceTree = "<group>"; };
		9743B26F16EB223300D1BFFF /* tloc_box2d.cpp */ = {isa = PBXFileReference; fileEncoding = 4; lastKnownFileType = sourcecode.cpp.cpp; name = tloc_box2d.cpp; path = ../../../../src/tlocPhysics/box2d/tloc_box2d.cpp; sourceTree = "<group>"; };
		9743B27016EB223300D1BFFF /* tloc_box2d.h */ = {isa = PBXFileReference; fileEncoding = 4; lastKnownFileType = sourcecode.c.h; name = tloc_box2d.h; path = ../../../../src/tlocPhysics/box2d/tloc_box2d.h; sourceTree = "<group>"; };
		9743B27116EB223300D1BFFF /* tloc_box2d.inl */ = {isa = PBXFileReference; fileEncoding = 4; lastKnownFileType = text; name = tloc_box2d.inl; path = ../../../../src/tlocPhysics/box2d/tloc_box2d.inl; sourceTree = "<group>"; };
		9743B27216EB223300D1BFFF /* tlocPhysicsManager.cpp */ = {isa = PBXFileReference; fileEncoding = 4; lastKnownFileType = sourcecode.cpp.cpp; name = tlocPhysicsManager.cpp; path = ../../../../src/tlocPhysics/box2d/tlocPhysicsManager.cpp; sourceTree = "<group>"; };
		9743B27316EB223300D1BFFF /* tlocPhysicsManager.h */ = {isa = PBXFileReference; fileEncoding = 4; lastKnownFileType = sourcecode.c.h; name = tlocPhysicsManager.h; path = ../../../../src/tlocPhysics/box2d/tlocPhysicsManager.h; sourceTree = "<group>"; };
		9743B27816EB226300D1BFFF /* tlocRigidBody.h */ = {isa = PBXFileReference; fileEncoding = 4; lastKnownFileType = sourcecode.c.h; name = tlocRigidBody.h; path = ../../../../src/tlocPhysics/box2d/tlocRigidBody.h; sourceTree = "<group>"; };
		9743B27916EB226300D1BFFF /* tlocRigidBody.inl */ = {isa = PBXFileReference; fileEncoding = 4; lastKnownFileType = text; name = tlocRigidBody.inl; path = ../../../../src/tlocPhysics/box2d/tlocRigidBody.inl; sourceTree = "<group>"; };
		9743B27A16EB226300D1BFFF /* tlocRigidBodyDef.cpp */ = {isa = PBXFileReference; fileEncoding = 4; lastKnownFileType = sourcecode.cpp.cpp; name = tlocRigidBodyDef.cpp; path = ../../../../src/tlocPhysics/box2d/tlocRigidBodyDef.cpp; sourceTree = "<group>"; };
		9743B27B16EB226300D1BFFF /* tlocRigidBodyDef.h */ = {isa = PBXFileReference; fileEncoding = 4; lastKnownFileType = sourcecode.c.h; name = tlocRigidBodyDef.h; path = ../../../../src/tlocPhysics/box2d/tlocRigidBodyDef.h; sourceTree = "<group>"; };
		9743B27C16EB226300D1BFFF /* tlocRigidBodyShapeDef.cpp */ = {isa = PBXFileReference; fileEncoding = 4; lastKnownFileType = sourcecode.cpp.cpp; name = tlocRigidBodyShapeDef.cpp; path = ../../../../src/tlocPhysics/box2d/tlocRigidBodyShapeDef.cpp; sourceTree = "<group>"; };
		9743B27D16EB226300D1BFFF /* tlocRigidBodyShapeDef.h */ = {isa = PBXFileReference; fileEncoding = 4; lastKnownFileType = sourcecode.c.h; name = tlocRigidBodyShapeDef.h; path = ../../../../src/tlocPhysics/box2d/tlocRigidBodyShapeDef.h; sourceTree = "<group>"; };
		9743B27E16EB226300D1BFFF /* tlocRigidBody.cpp */ = {isa = PBXFileReference; fileEncoding = 4; lastKnownFileType = sourcecode.cpp.cpp; name = tlocRigidBody.cpp; path = ../../../../src/tlocPhysics/box2d/tlocRigidBody.cpp; sourceTree = "<group>"; };
		9743B28216EB227200D1BFFF /* tlocWorld.cpp */ = {isa = PBXFileReference; fileEncoding = 4; lastKnownFileType = sourcecode.cpp.cpp; name = tlocWorld.cpp; path = ../../../../src/tlocPhysics/box2d/tlocWorld.cpp; sourceTree = "<group>"; };
		9743B28316EB227200D1BFFF /* tlocWorld.h */ = {isa = PBXFileReference; fileEncoding = 4; lastKnownFileType = sourcecode.c.h; name = tlocWorld.h; path = ../../../../src/tlocPhysics/box2d/tlocWorld.h; sourceTree = "<group>"; };
		9743B28516EB228B00D1BFFF /* tloc_component_system.cpp */ = {isa = PBXFileReference; fileEncoding = 4; lastKnownFileType = sourcecode.cpp.cpp; name = tloc_component_system.cpp; path = ../../../../src/tlocPhysics/component_system/tloc_component_system.cpp; sourceTree = "<group>"; };
		9743B28616EB228B00D1BFFF /* tloc_component_system.h */ = {isa = PBXFileReference; fileEncoding = 4; lastKnownFileType = sourcecode.c.h; name = tloc_component_system.h; path = ../../../../src/tlocPhysics/component_system/tloc_component_system.h; sourceTree = "<group>"; };
		9743B28716EB228B00D1BFFF /* tloc_component_system.inl */ = {isa = PBXFileReference; fileEncoding = 4; lastKnownFileType = text; name = tloc_component_system.inl; path = ../../../../src/tlocPhysics/component_system/tloc_component_system.inl; sourceTree = "<group>"; };
		9743B28E16EB230100D1BFFF /* tlocRigidBodyListenerSystem.cpp */ = {isa = PBXFileReference; fileEncoding = 4; lastKnownFileType = sourcecode.cpp.cpp; name = tlocRigidBodyListenerSystem.cpp; path = ../../../../src/tlocPhysics/component_system/tlocRigidBodyListenerSystem.cpp; sourceTree = "<group>"; };
		9743B28F16EB230100D1BFFF /* tlocRigidBodyListenerSystem.h */ = {isa = PBXFileReference; fileEncoding = 4; lastKnownFileType = sourcecode.c.h; name = tlocRigidBodyListenerSystem.h; path = ../../../../src/tlocPhysics/component_system/tlocRigidBodyListenerSystem.h; sourceTree = "<group>"; };
		9743B29016EB230100D1BFFF /* tlocRigidBodySystem.cpp */ = {isa = PBXFileReference; fileEncoding = 4; lastKnownFileType = sourcecode.cpp.cpp; name = tlocRigidBodySystem.cpp; path = ../../../../src/tlocPhysics/component_system/tlocRigidBodySystem.cpp; sourceTree = "<group>"; };
		9743B29116EB230100D1BFFF /* tlocRigidBodySystem.h */ = {isa = PBXFileReference; fileEncoding = 4; lastKnownFileType = sourcecode.c.h; name = tlocRigidBodySystem.h; path = ../../../../src/tlocPhysics/component_system/tlocRigidBodySystem.h; sourceTree = "<group>"; };
		9743B29416EB231800D1BFFF /* tlocComponentType.h */ = {isa = PBXFileReference; fileEncoding = 4; lastKnownFileType = sourcecode.c.h; name = tlocComponentType.h; path = ../../../../src/tlocPhysics/component_system/tlocComponentType.h; sourceTree = "<group>"; };
		9743B29516EB235800D1BFFF /* tlocRigidbodyListenerComponent.h */ = {isa = PBXFileReference; fileEncoding = 4; lastKnownFileType = sourcecode.c.h; name = tlocRigidbodyListenerComponent.h; path = ../../../../src/tlocPhysics/component_system/tlocRigidbodyListenerComponent.h; sourceTree = "<group>"; };
		9743B29616EB235800D1BFFF /* tlocRigidBodyListenerComponent.cpp */ = {isa = PBXFileReference; fileEncoding = 4; lastKnownFileType = sourcecode.cpp.cpp; name = tlocRigidBodyListenerComponent.cpp; path = ../../../../src/tlocPhysics/component_system/tlocRigidBodyListenerComponent.cpp; sourceTree = "<group>"; };
		9743B29816EB237400D1BFFF /* tlocRigidBodyComponent.h */ = {isa = PBXFileReference; fileEncoding = 4; lastKnownFileType = sourcecode.c.h; name = tlocRigidBodyComponent.h; path = ../../../../src/tlocPhysics/component_system/tlocRigidBodyComponent.h; sourceTree = "<group>"; };
		9743B29916EB237400D1BFFF /* tlocRigidBodyComponent.cpp */ = {isa = PBXFileReference; fileEncoding = 4; lastKnownFileType = sourcecode.cpp.cpp; name = tlocRigidBodyComponent.cpp; path = ../../../../src/tlocPhysics/component_system/tlocRigidBodyComponent.cpp; sourceTree = "<group>"; };
		9743B29B16EB238B00D1BFFF /* tlocRigidBodyShapeComponent.h */ = {isa = PBXFileReference; fileEncoding = 4; lastKnownFileType = sourcecode.c.h; name = tlocRigidBodyShapeComponent.h; path = ../../../../src/tlocPhysics/component_system/tlocRigidBodyShapeComponent.h; sourceTree = "<group>"; };
		9743B29C16EB238B00D1BFFF /* tlocRigidBodyShapeComponent.cpp */ = {isa = PBXFileReference; fileEncoding = 4; lastKnownFileType = sourcecode.cpp.cpp; name = tlocRigidBodyShapeComponent.cpp; path = ../../../../src/tlocPhysics/component_system/tlocRigidBodyShapeComponent.cpp; sourceTree = "<group>"; };
		9743B29E16EB23AD00D1BFFF /* tloc_error.cpp */ = {isa = PBXFileReference; fileEncoding = 4; lastKnownFileType = sourcecode.cpp.cpp; name = tloc_error.cpp; path = ../../../../src/tlocPhysics/error/tloc_error.cpp; sourceTree = "<group>"; };
		9743B29F16EB23AD00D1BFFF /* tloc_error.h */ = {isa = PBXFileReference; fileEncoding = 4; lastKnownFileType = sourcecode.c.h; name = tloc_error.h; path = ../../../../src/tlocPhysics/error/tloc_error.h; sourceTree = "<group>"; };
		9743B2A016EB23AD00D1BFFF /* tloc_error.inl */ = {isa = PBXFileReference; fileEncoding = 4; lastKnownFileType = text; name = tloc_error.inl; path = ../../../../src/tlocPhysics/error/tloc_error.inl; sourceTree = "<group>"; };
		9743B2A116EB23AD00D1BFFF /* tlocErrorTypes.h */ = {isa = PBXFileReference; fileEncoding = 4; lastKnownFileType = sourcecode.c.h; name = tlocErrorTypes.h; path = ../../../../src/tlocPhysics/error/tlocErrorTypes.h; sourceTree = "<group>"; };
/* End PBXFileReference section */

/* Begin PBXFrameworksBuildPhase section */
		9743B25016EB20AF00D1BFFF /* Frameworks */ = {
			isa = PBXFrameworksBuildPhase;
			buildActionMask = 2147483647;
			files = (
				9743B25716EB20AF00D1BFFF /* Foundation.framework in Frameworks */,
			);
			runOnlyForDeploymentPostprocessing = 0;
		};
/* End PBXFrameworksBuildPhase section */

/* Begin PBXGroup section */
		9743B24A16EB20AF00D1BFFF = {
			isa = PBXGroup;
			children = (
				9743B26416EB216000D1BFFF /* tlocPhysics */,
				9743B25516EB20AF00D1BFFF /* Frameworks */,
				9743B25416EB20AF00D1BFFF /* Products */,
			);
			sourceTree = "<group>";
		};
		9743B25416EB20AF00D1BFFF /* Products */ = {
			isa = PBXGroup;
			children = (
				9743B25316EB20AF00D1BFFF /* tlocPhysics_Debug.a */,
			);
			name = Products;
			sourceTree = "<group>";
		};
		9743B25516EB20AF00D1BFFF /* Frameworks */ = {
			isa = PBXGroup;
			children = (
				9743B25616EB20AF00D1BFFF /* Foundation.framework */,
			);
			name = Frameworks;
			sourceTree = "<group>";
		};
		9743B26416EB216000D1BFFF /* tlocPhysics */ = {
			isa = PBXGroup;
			children = (
				9743B26E16EB21FA00D1BFFF /* box2d */,
				9743B26D16EB21F100D1BFFF /* component_system */,
				9743B26C16EB21E200D1BFFF /* error */,
				9743B26516EB21D800D1BFFF /* tloc_physics.cpp */,
				9743B26616EB21D800D1BFFF /* tloc_physics.h */,
				9743B26716EB21D800D1BFFF /* tloc_physics.inl */,
				9743B26816EB21D800D1BFFF /* tlocPhysicsBase.h */,
				9743B26916EB21D800D1BFFF /* tlocDepVersionCheck.cpp */,
			);
			name = tlocPhysics;
			sourceTree = "<group>";
		};
		9743B26C16EB21E200D1BFFF /* error */ = {
			isa = PBXGroup;
			children = (
				9743B29E16EB23AD00D1BFFF /* tloc_error.cpp */,
				9743B29F16EB23AD00D1BFFF /* tloc_error.h */,
				9743B2A016EB23AD00D1BFFF /* tloc_error.inl */,
				9743B2A116EB23AD00D1BFFF /* tlocErrorTypes.h */,
			);
			name = error;
			sourceTree = "<group>";
		};
		9743B26D16EB21F100D1BFFF /* component_system */ = {
			isa = PBXGroup;
			children = (
				9743B28A16EB229600D1BFFF /* components */,
				9743B28916EB228F00D1BFFF /* systems */,
				9743B28516EB228B00D1BFFF /* tloc_component_system.cpp */,
				9743B28616EB228B00D1BFFF /* tloc_component_system.h */,
				9743B28716EB228B00D1BFFF /* tloc_component_system.inl */,
			);
			name = component_system;
			sourceTree = "<group>";
		};
		9743B26E16EB21FA00D1BFFF /* box2d */ = {
			isa = PBXGroup;
			children = (
				9743B27716EB224300D1BFFF /* rigid_body */,
				9743B27616EB223D00D1BFFF /* world */,
				9743B26F16EB223300D1BFFF /* tloc_box2d.cpp */,
				9743B27016EB223300D1BFFF /* tloc_box2d.h */,
				9743B27116EB223300D1BFFF /* tloc_box2d.inl */,
				9743B27216EB223300D1BFFF /* tlocPhysicsManager.cpp */,
				9743B27316EB223300D1BFFF /* tlocPhysicsManager.h */,
			);
			name = box2d;
			sourceTree = "<group>";
		};
		9743B27616EB223D00D1BFFF /* world */ = {
			isa = PBXGroup;
			children = (
				9743B28216EB227200D1BFFF /* tlocWorld.cpp */,
				9743B28316EB227200D1BFFF /* tlocWorld.h */,
			);
			name = world;
			sourceTree = "<group>";
		};
		9743B27716EB224300D1BFFF /* rigid_body */ = {
			isa = PBXGroup;
			children = (
				9743B27816EB226300D1BFFF /* tlocRigidBody.h */,
				9743B27916EB226300D1BFFF /* tlocRigidBody.inl */,
				9743B27A16EB226300D1BFFF /* tlocRigidBodyDef.cpp */,
				9743B27B16EB226300D1BFFF /* tlocRigidBodyDef.h */,
				9743B27C16EB226300D1BFFF /* tlocRigidBodyShapeDef.cpp */,
				9743B27D16EB226300D1BFFF /* tlocRigidBodyShapeDef.h */,
				9743B27E16EB226300D1BFFF /* tlocRigidBody.cpp */,
			);
			name = rigid_body;
			sourceTree = "<group>";
		};
		9743B28916EB228F00D1BFFF /* systems */ = {
			isa = PBXGroup;
			children = (
				9743B28E16EB230100D1BFFF /* tlocRigidBodyListenerSystem.cpp */,
				9743B28F16EB230100D1BFFF /* tlocRigidBodyListenerSystem.h */,
				9743B29016EB230100D1BFFF /* tlocRigidBodySystem.cpp */,
				9743B29116EB230100D1BFFF /* tlocRigidBodySystem.h */,
			);
			name = systems;
			sourceTree = "<group>";
		};
		9743B28A16EB229600D1BFFF /* components */ = {
			isa = PBXGroup;
			children = (
				9743B28D16EB22B100D1BFFF /* fixture */,
				9743B28C16EB22A700D1BFFF /* rigid_body */,
				9743B28B16EB22A000D1BFFF /* rigid_body_listener */,
				9743B29416EB231800D1BFFF /* tlocComponentType.h */,
			);
			name = components;
			sourceTree = "<group>";
		};
		9743B28B16EB22A000D1BFFF /* rigid_body_listener */ = {
			isa = PBXGroup;
			children = (
				9743B29516EB235800D1BFFF /* tlocRigidbodyListenerComponent.h */,
				9743B29616EB235800D1BFFF /* tlocRigidBodyListenerComponent.cpp */,
			);
			name = rigid_body_listener;
			sourceTree = "<group>";
		};
		9743B28C16EB22A700D1BFFF /* rigid_body */ = {
			isa = PBXGroup;
			children = (
				9743B29816EB237400D1BFFF /* tlocRigidBodyComponent.h */,
				9743B29916EB237400D1BFFF /* tlocRigidBodyComponent.cpp */,
			);
			name = rigid_body;
			sourceTree = "<group>";
		};
		9743B28D16EB22B100D1BFFF /* fixture */ = {
			isa = PBXGroup;
			children = (
				9743B29B16EB238B00D1BFFF /* tlocRigidBodyShapeComponent.h */,
				9743B29C16EB238B00D1BFFF /* tlocRigidBodyShapeComponent.cpp */,
			);
			name = fixture;
			sourceTree = "<group>";
		};
/* End PBXGroup section */

/* Begin PBXNativeTarget section */
		9743B25216EB20AF00D1BFFF /* tlocPhysics */ = {
			isa = PBXNativeTarget;
			buildConfigurationList = 9743B26116EB20AF00D1BFFF /* Build configuration list for PBXNativeTarget "tlocPhysics" */;
			buildPhases = (
				9743B24F16EB20AF00D1BFFF /* Sources */,
				9743B25016EB20AF00D1BFFF /* Frameworks */,
				9743B25116EB20AF00D1BFFF /* CopyFiles */,
			);
			buildRules = (
			);
			dependencies = (
			);
			name = tlocPhysics;
			productName = tlocPhysics;
			productReference = 9743B25316EB20AF00D1BFFF /* tlocPhysics_Debug.a */;
			productType = "com.apple.product-type.library.static";
		};
/* End PBXNativeTarget section */

/* Begin PBXProject section */
		9743B24B16EB20AF00D1BFFF /* Project object */ = {
			isa = PBXProject;
			attributes = {
				LastUpgradeCheck = 0460;
				ORGANIZATIONNAME = "SkopWorks Inc";
			};
			buildConfigurationList = 9743B24E16EB20AF00D1BFFF /* Build configuration list for PBXProject "tlocPhysics" */;
			compatibilityVersion = "Xcode 3.2";
			developmentRegion = English;
			hasScannedForEncodings = 0;
			knownRegions = (
				en,
			);
			mainGroup = 9743B24A16EB20AF00D1BFFF;
			productRefGroup = 9743B25416EB20AF00D1BFFF /* Products */;
			projectDirPath = "";
			projectRoot = "";
			targets = (
				9743B25216EB20AF00D1BFFF /* tlocPhysics */,
			);
		};
/* End PBXProject section */

/* Begin PBXSourcesBuildPhase section */
		9743B24F16EB20AF00D1BFFF /* Sources */ = {
			isa = PBXSourcesBuildPhase;
			buildActionMask = 2147483647;
			files = (
				9743B26A16EB21D800D1BFFF /* tloc_physics.cpp in Sources */,
				9743B26B16EB21D800D1BFFF /* tlocDepVersionCheck.cpp in Sources */,
				9743B27416EB223300D1BFFF /* tloc_box2d.cpp in Sources */,
				9743B27516EB223300D1BFFF /* tlocPhysicsManager.cpp in Sources */,
				9743B27F16EB226300D1BFFF /* tlocRigidBodyDef.cpp in Sources */,
				9743B28016EB226300D1BFFF /* tlocRigidBodyShapeDef.cpp in Sources */,
				9743B28116EB226300D1BFFF /* tlocRigidBody.cpp in Sources */,
				9743B28416EB227200D1BFFF /* tlocWorld.cpp in Sources */,
				9743B28816EB228B00D1BFFF /* tloc_component_system.cpp in Sources */,
				9743B29216EB230100D1BFFF /* tlocRigidBodyListenerSystem.cpp in Sources */,
				9743B29316EB230100D1BFFF /* tlocRigidBodySystem.cpp in Sources */,
				9743B29716EB235800D1BFFF /* tlocRigidBodyListenerComponent.cpp in Sources */,
				9743B29A16EB237400D1BFFF /* tlocRigidBodyComponent.cpp in Sources */,
				9743B29D16EB238B00D1BFFF /* tlocRigidBodyShapeComponent.cpp in Sources */,
				9743B2A216EB23AD00D1BFFF /* tloc_error.cpp in Sources */,
			);
			runOnlyForDeploymentPostprocessing = 0;
		};
/* End PBXSourcesBuildPhase section */

/* Begin XCBuildConfiguration section */
		9743B25F16EB20AF00D1BFFF /* Debug */ = {
			isa = XCBuildConfiguration;
			buildSettings = {
				ALWAYS_SEARCH_USER_PATHS = YES;
				CLANG_WARN_EMPTY_BODY = YES;
				CLANG_WARN__DUPLICATE_METHOD_MATCH = YES;
				CONFIGURATION_BUILD_DIR = "$(TLOC_PATH)/lib/Xcode4/$(CONFIGURATION)/$(PLATFORM_NAME)/$(PROJECT_NAME)";
				CONFIGURATION_TEMP_DIR = "$(CONFIGURATION)/$(PLATFORM_NAME)";
				COPY_PHASE_STRIP = NO;
				GCC_C_LANGUAGE_STANDARD = gnu99;
				GCC_DYNAMIC_NO_PIC = NO;
				GCC_ENABLE_CPP_EXCEPTIONS = NO;
				GCC_ENABLE_CPP_RTTI = NO;
				GCC_ENABLE_OBJC_EXCEPTIONS = NO;
				GCC_OPTIMIZATION_LEVEL = 0;
				GCC_PREPROCESSOR_DEFINITIONS = (
					"DEBUG=1",
					"$(inherited)",
					TLOC_DEBUG,
				);
				GCC_SYMBOLS_PRIVATE_EXTERN = NO;
				GCC_VERSION = com.apple.compilers.llvm.clang.1_0;
				GCC_WARN_ABOUT_RETURN_TYPE = YES;
				GCC_WARN_UNINITIALIZED_AUTOS = YES;
				GCC_WARN_UNUSED_VARIABLE = YES;
				ONLY_ACTIVE_ARCH = YES;
				OTHER_CFLAGS = (
					"-fno-exceptions",
					"-fno-rtti",
				);
				SDKROOT = iphoneos;
				USER_HEADER_SEARCH_PATHS = "$(TLOC_PATH)/src/ $(TLOC_PATH)/src/3rdParty/ $(TLOC_DEP_PATH)/src/ $(TLOC_DEP_PATH)/include";
			};
			name = Debug;
		};
		9743B26016EB20AF00D1BFFF /* Release */ = {
			isa = XCBuildConfiguration;
			buildSettings = {
				ALWAYS_SEARCH_USER_PATHS = YES;
				CLANG_WARN_EMPTY_BODY = YES;
				CLANG_WARN__DUPLICATE_METHOD_MATCH = YES;
				CONFIGURATION_BUILD_DIR = "$(TLOC_PATH)/lib/Xcode4/$(CONFIGURATION)/$(PLATFORM_NAME)/$(PROJECT_NAME)";
				CONFIGURATION_TEMP_DIR = "$(CONFIGURATION)/$(PLATFORM_NAME)";
				COPY_PHASE_STRIP = YES;
				GCC_C_LANGUAGE_STANDARD = gnu99;
				GCC_ENABLE_CPP_EXCEPTIONS = NO;
				GCC_ENABLE_CPP_RTTI = NO;
				GCC_ENABLE_OBJC_EXCEPTIONS = NO;
				GCC_PREPROCESSOR_DEFINITIONS = TLOC_RELEASE;
				GCC_VERSION = com.apple.compilers.llvm.clang.1_0;
				GCC_WARN_ABOUT_RETURN_TYPE = YES;
				GCC_WARN_UNINITIALIZED_AUTOS = YES;
				GCC_WARN_UNUSED_VARIABLE = YES;
				OTHER_CFLAGS = (
					"-fno-exceptions",
					"-fno-rtti",
				);
				SDKROOT = iphoneos;
				USER_HEADER_SEARCH_PATHS = "$(TLOC_PATH)/src/ $(TLOC_PATH)/src/3rdParty/ $(TLOC_DEP_PATH)/src/ $(TLOC_DEP_PATH)/include";
				VALIDATE_PRODUCT = YES;
			};
			name = Release;
		};
		9743B26216EB20AF00D1BFFF /* Debug */ = {
			isa = XCBuildConfiguration;
			buildSettings = {
				DSTROOT = /tmp/tlocPhysics.dst;
				EXECUTABLE_PREFIX = "";
				OTHER_LDFLAGS = "-ObjC";
				PRODUCT_NAME = "$(PROJECT_NAME)_$(CONFIGURATION)";
				SKIP_INSTALL = YES;
			};
			name = Debug;
		};
		9743B26316EB20AF00D1BFFF /* Release */ = {
			isa = XCBuildConfiguration;
			buildSettings = {
				DSTROOT = /tmp/tlocPhysics.dst;
				EXECUTABLE_PREFIX = "";
				OTHER_LDFLAGS = "-ObjC";
				PRODUCT_NAME = "$(PROJECT_NAME)_$(CONFIGURATION)";
				SKIP_INSTALL = YES;
			};
			name = Release;
		};
/* End XCBuildConfiguration section */

/* Begin XCConfigurationList section */
		9743B24E16EB20AF00D1BFFF /* Build configuration list for PBXProject "tlocPhysics" */ = {
			isa = XCConfigurationList;
			buildConfigurations = (
				9743B25F16EB20AF00D1BFFF /* Debug */,
				9743B26016EB20AF00D1BFFF /* Release */,
			);
			defaultConfigurationIsVisible = 0;
			defaultConfigurationName = Release;
		};
		9743B26116EB20AF00D1BFFF /* Build configuration list for PBXNativeTarget "tlocPhysics" */ = {
			isa = XCConfigurationList;
			buildConfigurations = (
				9743B26216EB20AF00D1BFFF /* Debug */,
				9743B26316EB20AF00D1BFFF /* Release */,
			);
			defaultConfigurationIsVisible = 0;
			defaultConfigurationName = Release;
		};
/* End XCConfigurationList section */
	};
	rootObject = 9743B24B16EB20AF00D1BFFF /* Project object */;
}
