// !$*UTF8*$!
{
	archiveVersion = 1;
	classes = {
	};
	objectVersion = 46;
	objects = {

/* Begin PBXBuildFile section */
		97CC1D1A16CCEC2D003C6740 /* Foundation.framework in Frameworks */ = {isa = PBXBuildFile; fileRef = 97CC1D1916CCEC2D003C6740 /* Foundation.framework */; };
		97CC1D6E16CD14CA003C6740 /* tloc_core.cpp in Sources */ = {isa = PBXBuildFile; fileRef = 97CC1D6C16CD14CA003C6740 /* tloc_core.cpp */; };
		97CC1D7216CD14D6003C6740 /* tloc_math.cpp in Sources */ = {isa = PBXBuildFile; fileRef = 97CC1D7016CD14D6003C6740 /* tloc_math.cpp */; };
		97CC1D7C16CD14E9003C6740 /* tlocCamera.cpp in Sources */ = {isa = PBXBuildFile; fileRef = 97CC1D7416CD14E9003C6740 /* tlocCamera.cpp */; };
		97CC1D7D16CD14E9003C6740 /* tlocFan.cpp in Sources */ = {isa = PBXBuildFile; fileRef = 97CC1D7616CD14E9003C6740 /* tlocFan.cpp */; };
		97CC1D7E16CD14E9003C6740 /* tlocQuad.cpp in Sources */ = {isa = PBXBuildFile; fileRef = 97CC1D7816CD14E9003C6740 /* tlocQuad.cpp */; };
		97CC1D7F16CD14E9003C6740 /* tloc_graphics.cpp in Sources */ = {isa = PBXBuildFile; fileRef = 97CC1D7A16CD14E9003C6740 /* tloc_graphics.cpp */; };
		97CC1D8316CD14F8003C6740 /* tloc_input.cpp in Sources */ = {isa = PBXBuildFile; fileRef = 97CC1D8116CD14F8003C6740 /* tloc_input.cpp */; };
		97CC1D8816CD150E003C6740 /* tloc_prefab.cpp in Sources */ = {isa = PBXBuildFile; fileRef = 97CC1D8716CD150E003C6740 /* tloc_prefab.cpp */; };
/* End PBXBuildFile section */

/* Begin PBXCopyFilesBuildPhase section */
		97CC1D1416CCEC2D003C6740 /* CopyFiles */ = {
			isa = PBXCopyFilesBuildPhase;
			buildActionMask = 2147483647;
			dstPath = "include/${PRODUCT_NAME}";
			dstSubfolderSpec = 16;
			files = (
			);
			runOnlyForDeploymentPostprocessing = 0;
		};
/* End PBXCopyFilesBuildPhase section */

/* Begin PBXFileReference section */
		97CC1D1616CCEC2D003C6740 /* tlocPrefab_Debug.a */ = {isa = PBXFileReference; explicitFileType = archive.ar; includeInIndex = 0; path = tlocPrefab_Debug.a; sourceTree = BUILT_PRODUCTS_DIR; };
		97CC1D1916CCEC2D003C6740 /* Foundation.framework */ = {isa = PBXFileReference; lastKnownFileType = wrapper.framework; name = Foundation.framework; path = System/Library/Frameworks/Foundation.framework; sourceTree = SDKROOT; };
		97CC1D6B16CD14CA003C6740 /* tloc_core.h */ = {isa = PBXFileReference; fileEncoding = 4; lastKnownFileType = sourcecode.c.h; name = tloc_core.h; path = ../../../../src/tlocPrefab/core/tloc_core.h; sourceTree = "<group>"; };
		97CC1D6C16CD14CA003C6740 /* tloc_core.cpp */ = {isa = PBXFileReference; fileEncoding = 4; lastKnownFileType = sourcecode.cpp.cpp; name = tloc_core.cpp; path = ../../../../src/tlocPrefab/core/tloc_core.cpp; sourceTree = "<group>"; };
		97CC1D6D16CD14CA003C6740 /* tloc_core.inl */ = {isa = PBXFileReference; fileEncoding = 4; lastKnownFileType = text; name = tloc_core.inl; path = ../../../../src/tlocPrefab/core/tloc_core.inl; sourceTree = "<group>"; };
		97CC1D6F16CD14D6003C6740 /* tloc_math.h */ = {isa = PBXFileReference; fileEncoding = 4; lastKnownFileType = sourcecode.c.h; name = tloc_math.h; path = ../../../../src/tlocPrefab/math/tloc_math.h; sourceTree = "<group>"; };
		97CC1D7016CD14D6003C6740 /* tloc_math.cpp */ = {isa = PBXFileReference; fileEncoding = 4; lastKnownFileType = sourcecode.cpp.cpp; name = tloc_math.cpp; path = ../../../../src/tlocPrefab/math/tloc_math.cpp; sourceTree = "<group>"; };
		97CC1D7116CD14D6003C6740 /* tloc_math.inl */ = {isa = PBXFileReference; fileEncoding = 4; lastKnownFileType = text; name = tloc_math.inl; path = ../../../../src/tlocPrefab/math/tloc_math.inl; sourceTree = "<group>"; };
		97CC1D7316CD14E9003C6740 /* tloc_graphics.h */ = {isa = PBXFileReference; fileEncoding = 4; lastKnownFileType = sourcecode.c.h; name = tloc_graphics.h; path = ../../../../src/tlocPrefab/graphics/tloc_graphics.h; sourceTree = "<group>"; };
		97CC1D7416CD14E9003C6740 /* tlocCamera.cpp */ = {isa = PBXFileReference; fileEncoding = 4; lastKnownFileType = sourcecode.cpp.cpp; name = tlocCamera.cpp; path = ../../../../src/tlocPrefab/graphics/tlocCamera.cpp; sourceTree = "<group>"; };
		97CC1D7516CD14E9003C6740 /* tlocCamera.h */ = {isa = PBXFileReference; fileEncoding = 4; lastKnownFileType = sourcecode.c.h; name = tlocCamera.h; path = ../../../../src/tlocPrefab/graphics/tlocCamera.h; sourceTree = "<group>"; };
		97CC1D7616CD14E9003C6740 /* tlocFan.cpp */ = {isa = PBXFileReference; fileEncoding = 4; lastKnownFileType = sourcecode.cpp.cpp; name = tlocFan.cpp; path = ../../../../src/tlocPrefab/graphics/tlocFan.cpp; sourceTree = "<group>"; };
		97CC1D7716CD14E9003C6740 /* tlocFan.h */ = {isa = PBXFileReference; fileEncoding = 4; lastKnownFileType = sourcecode.c.h; name = tlocFan.h; path = ../../../../src/tlocPrefab/graphics/tlocFan.h; sourceTree = "<group>"; };
		97CC1D7816CD14E9003C6740 /* tlocQuad.cpp */ = {isa = PBXFileReference; fileEncoding = 4; lastKnownFileType = sourcecode.cpp.cpp; name = tlocQuad.cpp; path = ../../../../src/tlocPrefab/graphics/tlocQuad.cpp; sourceTree = "<group>"; };
		97CC1D7916CD14E9003C6740 /* tlocQuad.h */ = {isa = PBXFileReference; fileEncoding = 4; lastKnownFileType = sourcecode.c.h; name = tlocQuad.h; path = ../../../../src/tlocPrefab/graphics/tlocQuad.h; sourceTree = "<group>"; };
		97CC1D7A16CD14E9003C6740 /* tloc_graphics.cpp */ = {isa = PBXFileReference; fileEncoding = 4; lastKnownFileType = sourcecode.cpp.cpp; name = tloc_graphics.cpp; path = ../../../../src/tlocPrefab/graphics/tloc_graphics.cpp; sourceTree = "<group>"; };
		97CC1D7B16CD14E9003C6740 /* tloc_graphics.inl */ = {isa = PBXFileReference; fileEncoding = 4; lastKnownFileType = text; name = tloc_graphics.inl; path = ../../../../src/tlocPrefab/graphics/tloc_graphics.inl; sourceTree = "<group>"; };
		97CC1D8016CD14F8003C6740 /* tloc_input.h */ = {isa = PBXFileReference; fileEncoding = 4; lastKnownFileType = sourcecode.c.h; name = tloc_input.h; path = ../../../../src/tlocPrefab/input/tloc_input.h; sourceTree = "<group>"; };
		97CC1D8116CD14F8003C6740 /* tloc_input.cpp */ = {isa = PBXFileReference; fileEncoding = 4; lastKnownFileType = sourcecode.cpp.cpp; name = tloc_input.cpp; path = ../../../../src/tlocPrefab/input/tloc_input.cpp; sourceTree = "<group>"; };
		97CC1D8216CD14F8003C6740 /* tloc_input.inl */ = {isa = PBXFileReference; fileEncoding = 4; lastKnownFileType = text; name = tloc_input.inl; path = ../../../../src/tlocPrefab/input/tloc_input.inl; sourceTree = "<group>"; };
		97CC1D8416CD150E003C6740 /* tloc_prefab.h */ = {isa = PBXFileReference; fileEncoding = 4; lastKnownFileType = sourcecode.c.h; name = tloc_prefab.h; path = ../../../../src/tlocPrefab/tloc_prefab.h; sourceTree = "<group>"; };
		97CC1D8516CD150E003C6740 /* tloc_prefab.inl */ = {isa = PBXFileReference; fileEncoding = 4; lastKnownFileType = text; name = tloc_prefab.inl; path = ../../../../src/tlocPrefab/tloc_prefab.inl; sourceTree = "<group>"; };
		97CC1D8616CD150E003C6740 /* tlocPrefabBase.h */ = {isa = PBXFileReference; fileEncoding = 4; lastKnownFileType = sourcecode.c.h; name = tlocPrefabBase.h; path = ../../../../src/tlocPrefab/tlocPrefabBase.h; sourceTree = "<group>"; };
		97CC1D8716CD150E003C6740 /* tloc_prefab.cpp */ = {isa = PBXFileReference; fileEncoding = 4; lastKnownFileType = sourcecode.cpp.cpp; name = tloc_prefab.cpp; path = ../../../../src/tlocPrefab/tloc_prefab.cpp; sourceTree = "<group>"; };
/* End PBXFileReference section */

/* Begin PBXFrameworksBuildPhase section */
		97CC1D1316CCEC2D003C6740 /* Frameworks */ = {
			isa = PBXFrameworksBuildPhase;
			buildActionMask = 2147483647;
			files = (
				97CC1D1A16CCEC2D003C6740 /* Foundation.framework in Frameworks */,
			);
			runOnlyForDeploymentPostprocessing = 0;
		};
/* End PBXFrameworksBuildPhase section */

/* Begin PBXGroup section */
		97CC1D0D16CCEC2D003C6740 = {
			isa = PBXGroup;
			children = (
				97CC1D6616CD113B003C6740 /* tlocPrefab */,
				97CC1D1816CCEC2D003C6740 /* Frameworks */,
				97CC1D1716CCEC2D003C6740 /* Products */,
			);
			sourceTree = "<group>";
		};
		97CC1D1716CCEC2D003C6740 /* Products */ = {
			isa = PBXGroup;
			children = (
				97CC1D1616CCEC2D003C6740 /* tlocPrefab_Debug.a */,
			);
			name = Products;
			sourceTree = "<group>";
		};
		97CC1D1816CCEC2D003C6740 /* Frameworks */ = {
			isa = PBXGroup;
			children = (
				97CC1D1916CCEC2D003C6740 /* Foundation.framework */,
			);
			name = Frameworks;
			sourceTree = "<group>";
		};
		97CC1D6616CD113B003C6740 /* tlocPrefab */ = {
			isa = PBXGroup;
			children = (
				97CC1D6A16CD14BB003C6740 /* core */,
				97CC1D6916CD14AB003C6740 /* math */,
				97CC1D6816CD14A6003C6740 /* graphics */,
				97CC1D6716CD1493003C6740 /* input */,
				97CC1D8416CD150E003C6740 /* tloc_prefab.h */,
				97CC1D8516CD150E003C6740 /* tloc_prefab.inl */,
				97CC1D8716CD150E003C6740 /* tloc_prefab.cpp */,
				97CC1D8616CD150E003C6740 /* tlocPrefabBase.h */,
			);
			name = tlocPrefab;
			sourceTree = "<group>";
		};
		97CC1D6716CD1493003C6740 /* input */ = {
			isa = PBXGroup;
			children = (
				97CC1D8016CD14F8003C6740 /* tloc_input.h */,
				97CC1D8116CD14F8003C6740 /* tloc_input.cpp */,
				97CC1D8216CD14F8003C6740 /* tloc_input.inl */,
			);
			name = input;
			sourceTree = "<group>";
		};
		97CC1D6816CD14A6003C6740 /* graphics */ = {
			isa = PBXGroup;
			children = (
				97CC1D7316CD14E9003C6740 /* tloc_graphics.h */,
				97CC1D7416CD14E9003C6740 /* tlocCamera.cpp */,
				97CC1D7516CD14E9003C6740 /* tlocCamera.h */,
				97CC1D7616CD14E9003C6740 /* tlocFan.cpp */,
				97CC1D7716CD14E9003C6740 /* tlocFan.h */,
				97CC1D7816CD14E9003C6740 /* tlocQuad.cpp */,
				97CC1D7916CD14E9003C6740 /* tlocQuad.h */,
				97CC1D7A16CD14E9003C6740 /* tloc_graphics.cpp */,
				97CC1D7B16CD14E9003C6740 /* tloc_graphics.inl */,
			);
			name = graphics;
			sourceTree = "<group>";
		};
		97CC1D6916CD14AB003C6740 /* math */ = {
			isa = PBXGroup;
			children = (
				97CC1D6F16CD14D6003C6740 /* tloc_math.h */,
				97CC1D7016CD14D6003C6740 /* tloc_math.cpp */,
				97CC1D7116CD14D6003C6740 /* tloc_math.inl */,
			);
			name = math;
			sourceTree = "<group>";
		};
		97CC1D6A16CD14BB003C6740 /* core */ = {
			isa = PBXGroup;
			children = (
				97CC1D6B16CD14CA003C6740 /* tloc_core.h */,
				97CC1D6C16CD14CA003C6740 /* tloc_core.cpp */,
				97CC1D6D16CD14CA003C6740 /* tloc_core.inl */,
			);
			name = core;
			sourceTree = "<group>";
		};
/* End PBXGroup section */

/* Begin PBXNativeTarget section */
		97CC1D1516CCEC2D003C6740 /* tlocPrefab */ = {
			isa = PBXNativeTarget;
			buildConfigurationList = 97CC1D2416CCEC2D003C6740 /* Build configuration list for PBXNativeTarget "tlocPrefab" */;
			buildPhases = (
				97CC1D1216CCEC2D003C6740 /* Sources */,
				97CC1D1316CCEC2D003C6740 /* Frameworks */,
				97CC1D1416CCEC2D003C6740 /* CopyFiles */,
			);
			buildRules = (
			);
			dependencies = (
			);
			name = tlocPrefab;
			productName = tlocPrefab;
			productReference = 97CC1D1616CCEC2D003C6740 /* tlocPrefab_Debug.a */;
			productType = "com.apple.product-type.library.static";
		};
/* End PBXNativeTarget section */

/* Begin PBXProject section */
		97CC1D0E16CCEC2D003C6740 /* Project object */ = {
			isa = PBXProject;
			attributes = {
				LastUpgradeCheck = 0460;
				ORGANIZATIONNAME = "SkopWorks Inc";
			};
			buildConfigurationList = 97CC1D1116CCEC2D003C6740 /* Build configuration list for PBXProject "tlocPrefab" */;
			compatibilityVersion = "Xcode 3.2";
			developmentRegion = English;
			hasScannedForEncodings = 0;
			knownRegions = (
				en,
			);
			mainGroup = 97CC1D0D16CCEC2D003C6740;
			productRefGroup = 97CC1D1716CCEC2D003C6740 /* Products */;
			projectDirPath = "";
			projectRoot = "";
			targets = (
				97CC1D1516CCEC2D003C6740 /* tlocPrefab */,
			);
		};
/* End PBXProject section */

/* Begin PBXSourcesBuildPhase section */
		97CC1D1216CCEC2D003C6740 /* Sources */ = {
			isa = PBXSourcesBuildPhase;
			buildActionMask = 2147483647;
			files = (
				97CC1D6E16CD14CA003C6740 /* tloc_core.cpp in Sources */,
				97CC1D7216CD14D6003C6740 /* tloc_math.cpp in Sources */,
				97CC1D7C16CD14E9003C6740 /* tlocCamera.cpp in Sources */,
				97CC1D7D16CD14E9003C6740 /* tlocFan.cpp in Sources */,
				97CC1D7E16CD14E9003C6740 /* tlocQuad.cpp in Sources */,
				97CC1D7F16CD14E9003C6740 /* tloc_graphics.cpp in Sources */,
				97CC1D8316CD14F8003C6740 /* tloc_input.cpp in Sources */,
				97CC1D8816CD150E003C6740 /* tloc_prefab.cpp in Sources */,
			);
			runOnlyForDeploymentPostprocessing = 0;
		};
/* End PBXSourcesBuildPhase section */

/* Begin XCBuildConfiguration section */
		97CC1D2216CCEC2D003C6740 /* Debug */ = {
			isa = XCBuildConfiguration;
			buildSettings = {
				ALWAYS_SEARCH_USER_PATHS = YES;
				CLANG_WARN_CONSTANT_CONVERSION = YES;
				CLANG_WARN_EMPTY_BODY = YES;
				CLANG_WARN_ENUM_CONVERSION = YES;
				CLANG_WARN_INT_CONVERSION = YES;
				CLANG_WARN__DUPLICATE_METHOD_MATCH = YES;
				CONFIGURATION_BUILD_DIR = "$(TLOC_PATH)/lib/Xcode4/$(CONFIGURATION)/$(EFFECTIVE_PLATFORM_NAME)/$(PROJECT_NAME)";
				CONFIGURATION_TEMP_DIR = "$(CONFIGURATION)/$(EFFECTIVE_PLATFORM_NAME)";
				COPY_PHASE_STRIP = NO;
				GCC_C_LANGUAGE_STANDARD = gnu99;
				GCC_DYNAMIC_NO_PIC = NO;
				GCC_ENABLE_CPP_EXCEPTIONS = NO;
				GCC_ENABLE_CPP_RTTI = NO;
				GCC_ENABLE_OBJC_EXCEPTIONS = NO;
				GCC_OPTIMIZATION_LEVEL = 0;
				GCC_PREPROCESSOR_DEFINITIONS = (
					TLOC_DEBUG,
					"DEBUG=1",
					"$(inherited)",
				);
				GCC_SYMBOLS_PRIVATE_EXTERN = NO;
				GCC_VERSION = com.apple.compilers.llvm.clang.1_0;
				GCC_WARN_ABOUT_RETURN_TYPE = YES;
				GCC_WARN_UNINITIALIZED_AUTOS = YES;
				GCC_WARN_UNUSED_VARIABLE = YES;
				IPHONEOS_DEPLOYMENT_TARGET = 5.1;
				ONLY_ACTIVE_ARCH = YES;
				OTHER_CFLAGS = (
					"-fno-exceptions",
					"-fno-rtti",
				);
				SDKROOT = iphoneos;
				USER_HEADER_SEARCH_PATHS = "$(TLOC_PATH)/src/ $(TLOC_DEP_PATH)/src/";
			};
			name = Debug;
		};
		97CC1D2316CCEC2D003C6740 /* Release */ = {
			isa = XCBuildConfiguration;
			buildSettings = {
				ALWAYS_SEARCH_USER_PATHS = YES;
				CLANG_WARN_CONSTANT_CONVERSION = YES;
				CLANG_WARN_EMPTY_BODY = YES;
				CLANG_WARN_ENUM_CONVERSION = YES;
				CLANG_WARN_INT_CONVERSION = YES;
				CLANG_WARN__DUPLICATE_METHOD_MATCH = YES;
				CONFIGURATION_BUILD_DIR = "$(TLOC_PATH)/lib/Xcode4/$(CONFIGURATION)/$(EFFECTIVE_PLATFORM_NAME)/$(PROJECT_NAME)";
				CONFIGURATION_TEMP_DIR = "$(CONFIGURATION)/$(EFFECTIVE_PLATFORM_NAME)";
				COPY_PHASE_STRIP = YES;
				GCC_C_LANGUAGE_STANDARD = gnu99;
				GCC_ENABLE_CPP_EXCEPTIONS = NO;
				GCC_ENABLE_CPP_RTTI = NO;
				GCC_ENABLE_OBJC_EXCEPTIONS = NO;
				GCC_PREPROCESSOR_DEFINITIONS = TLOC_RELEASE;
				GCC_VERSION = com.apple.compilers.llvm.clang.1_0;
				GCC_WARN_ABOUT_RETURN_TYPE = YES;
				GCC_WARN_UNINITIALIZED_AUTOS = YES;
				GCC_WARN_UNUSED_VARIABLE = YES;
				IPHONEOS_DEPLOYMENT_TARGET = 5.1;
				OTHER_CFLAGS = (
					"-fno-exceptions",
					"-fno-rtti",
				);
				SDKROOT = iphoneos;
				USER_HEADER_SEARCH_PATHS = "$(TLOC_PATH)/src/ $(TLOC_DEP_PATH)/src/";
				VALIDATE_PRODUCT = YES;
			};
			name = Release;
		};
		97CC1D2516CCEC2D003C6740 /* Debug */ = {
			isa = XCBuildConfiguration;
			buildSettings = {
				DSTROOT = /tmp/tlocPrefab.dst;
				EXECUTABLE_PREFIX = "";
				OTHER_LDFLAGS = "-ObjC";
				PRODUCT_NAME = "$(PROJECT_NAME)_$(CONFIGURATION)";
				SKIP_INSTALL = YES;
			};
			name = Debug;
		};
		97CC1D2616CCEC2D003C6740 /* Release */ = {
			isa = XCBuildConfiguration;
			buildSettings = {
				DSTROOT = /tmp/tlocPrefab.dst;
				EXECUTABLE_PREFIX = "";
				OTHER_LDFLAGS = "-ObjC";
				PRODUCT_NAME = "$(PROJECT_NAME)_$(CONFIGURATION)";
				SKIP_INSTALL = YES;
			};
			name = Release;
		};
/* End XCBuildConfiguration section */

/* Begin XCConfigurationList section */
		97CC1D1116CCEC2D003C6740 /* Build configuration list for PBXProject "tlocPrefab" */ = {
			isa = XCConfigurationList;
			buildConfigurations = (
				97CC1D2216CCEC2D003C6740 /* Debug */,
				97CC1D2316CCEC2D003C6740 /* Release */,
			);
			defaultConfigurationIsVisible = 0;
			defaultConfigurationName = Release;
		};
		97CC1D2416CCEC2D003C6740 /* Build configuration list for PBXNativeTarget "tlocPrefab" */ = {
			isa = XCConfigurationList;
			buildConfigurations = (
				97CC1D2516CCEC2D003C6740 /* Debug */,
				97CC1D2616CCEC2D003C6740 /* Release */,
			);
			defaultConfigurationIsVisible = 0;
			defaultConfigurationName = Release;
		};
/* End XCConfigurationList section */
	};
	rootObject = 97CC1D0E16CCEC2D003C6740 /* Project object */;
}
