// !$*UTF8*$!
{
	archiveVersion = 1;
	classes = {
	};
	objectVersion = 46;
	objects = {

/* Begin PBXBuildFile section */
		9734BB3516258360003956FE /* tlocFOVTest.cpp in Sources */ = {isa = PBXBuildFile; fileRef = 9734BB3416258360003956FE /* tlocFOVTest.cpp */; };
		9734BB391625838A003956FE /* tlocFrustumTest.cpp in Sources */ = {isa = PBXBuildFile; fileRef = 9734BB381625838A003956FE /* tlocFrustumTest.cpp */; };
		976B93B316C6DDA6009C12A1 /* tlocQuadTest.cpp in Sources */ = {isa = PBXBuildFile; fileRef = 976B93B216C6DDA6009C12A1 /* tlocQuadTest.cpp */; };
		976B93B716C6DDE0009C12A1 /* tlocGLGeneralTest.cpp in Sources */ = {isa = PBXBuildFile; fileRef = 976B93B416C6DDE0009C12A1 /* tlocGLGeneralTest.cpp */; };
		976B93B816C6DDE0009C12A1 /* tlocShaderOperatorTest.cpp in Sources */ = {isa = PBXBuildFile; fileRef = 976B93B516C6DDE0009C12A1 /* tlocShaderOperatorTest.cpp */; };
		976B93B916C6DDE0009C12A1 /* tlocVertexTest.cpp in Sources */ = {isa = PBXBuildFile; fileRef = 976B93B616C6DDE0009C12A1 /* tlocVertexTest.cpp */; };
		976B93C316CBC436009C12A1 /* tlocAttributeVariableTest.cpp in Sources */ = {isa = PBXBuildFile; fileRef = 976B93C116CBC436009C12A1 /* tlocAttributeVariableTest.cpp */; };
		976B93C416CBC436009C12A1 /* tlocUniformVariableTest.cpp in Sources */ = {isa = PBXBuildFile; fileRef = 976B93C216CBC436009C12A1 /* tlocUniformVariableTest.cpp */; };
		9780B37A1621E2B3008A1DB5 /* assets in Resources */ = {isa = PBXBuildFile; fileRef = 9780B3791621E2B3008A1DB5 /* assets */; };
		97812E6415A3CCDE00F3C248 /* OpenGLES.framework in Frameworks */ = {isa = PBXBuildFile; fileRef = 97812E6315A3CCDE00F3C248 /* OpenGLES.framework */; };
		97C87A0E15DCE69500FE0A6C /* QuartzCore.framework in Frameworks */ = {isa = PBXBuildFile; fileRef = 97C87A0D15DCE69500FE0A6C /* QuartzCore.framework */; };
		97CC77071580A6D900764CF3 /* UIKit.framework in Frameworks */ = {isa = PBXBuildFile; fileRef = 97CC77061580A6D900764CF3 /* UIKit.framework */; };
		97CC77091580A6D900764CF3 /* Foundation.framework in Frameworks */ = {isa = PBXBuildFile; fileRef = 97CC77081580A6D900764CF3 /* Foundation.framework */; };
		97CC770B1580A6D900764CF3 /* CoreGraphics.framework in Frameworks */ = {isa = PBXBuildFile; fileRef = 97CC770A1580A6D900764CF3 /* CoreGraphics.framework */; };
		97DDC913161F9DF40011DDFD /* tlocImageLoaderTest.cpp in Sources */ = {isa = PBXBuildFile; fileRef = 97DDC912161F9DF40011DDFD /* tlocImageLoaderTest.cpp */; };
		97DDC917161F9E160011DDFD /* tlocGLObjectTest.cpp in Sources */ = {isa = PBXBuildFile; fileRef = 97DDC914161F9E160011DDFD /* tlocGLObjectTest.cpp */; };
		97DDC918161F9E160011DDFD /* tlocShaderComponentTest.cpp in Sources */ = {isa = PBXBuildFile; fileRef = 97DDC915161F9E160011DDFD /* tlocShaderComponentTest.cpp */; };
		97DDC919161F9E160011DDFD /* tlocShaderProgramTest.cpp in Sources */ = {isa = PBXBuildFile; fileRef = 97DDC916161F9E160011DDFD /* tlocShaderProgramTest.cpp */; };
		97DDC91E161F9E3B0011DDFD /* tlocColorTest.cpp in Sources */ = {isa = PBXBuildFile; fileRef = 97DDC91C161F9E3B0011DDFD /* tlocColorTest.cpp */; };
		97DDC922161F9E5F0011DDFD /* tlocGraphicsModesTest.cpp in Sources */ = {isa = PBXBuildFile; fileRef = 97DDC920161F9E5F0011DDFD /* tlocGraphicsModesTest.cpp */; };
		97DDC923161F9E5F0011DDFD /* tlocWindowTest.cpp in Sources */ = {isa = PBXBuildFile; fileRef = 97DDC921161F9E5F0011DDFD /* tlocWindowTest.cpp */; };
		97DDC927161F9E800011DDFD /* main.cpp in Sources */ = {isa = PBXBuildFile; fileRef = 97DDC924161F9E800011DDFD /* main.cpp */; };
		97DDC928161F9E800011DDFD /* tlocTestCommon.cpp in Sources */ = {isa = PBXBuildFile; fileRef = 97DDC925161F9E800011DDFD /* tlocTestCommon.cpp */; };
/* End PBXBuildFile section */

/* Begin PBXFileReference section */
		9734BB3416258360003956FE /* tlocFOVTest.cpp */ = {isa = PBXFileReference; fileEncoding = 4; lastKnownFileType = sourcecode.cpp.cpp; name = tlocFOVTest.cpp; path = ../../../../src/tlocTests/graphics/tlocFOVTest.cpp; sourceTree = "<group>"; };
		9734BB381625838A003956FE /* tlocFrustumTest.cpp */ = {isa = PBXFileReference; fileEncoding = 4; lastKnownFileType = sourcecode.cpp.cpp; name = tlocFrustumTest.cpp; path = ../../../../src/tlocTests/graphics/tlocFrustumTest.cpp; sourceTree = "<group>"; };
		976B93B216C6DDA6009C12A1 /* tlocQuadTest.cpp */ = {isa = PBXFileReference; fileEncoding = 4; lastKnownFileType = sourcecode.cpp.cpp; name = tlocQuadTest.cpp; path = ../../../../src/tlocTests/graphics/tlocQuadTest.cpp; sourceTree = "<group>"; };
		976B93B416C6DDE0009C12A1 /* tlocGLGeneralTest.cpp */ = {isa = PBXFileReference; explicitFileType = sourcecode.cpp.objcpp; fileEncoding = 4; name = tlocGLGeneralTest.cpp; path = ../../../../src/tlocTests/graphics/tlocGLGeneralTest.cpp; sourceTree = "<group>"; };
		976B93B516C6DDE0009C12A1 /* tlocShaderOperatorTest.cpp */ = {isa = PBXFileReference; explicitFileType = sourcecode.cpp.objcpp; fileEncoding = 4; name = tlocShaderOperatorTest.cpp; path = ../../../../src/tlocTests/graphics/tlocShaderOperatorTest.cpp; sourceTree = "<group>"; };
		976B93B616C6DDE0009C12A1 /* tlocVertexTest.cpp */ = {isa = PBXFileReference; fileEncoding = 4; lastKnownFileType = sourcecode.cpp.cpp; name = tlocVertexTest.cpp; path = ../../../../src/tlocTests/graphics/tlocVertexTest.cpp; sourceTree = "<group>"; };
		976B93C116CBC436009C12A1 /* tlocAttributeVariableTest.cpp */ = {isa = PBXFileReference; fileEncoding = 4; lastKnownFileType = sourcecode.cpp.cpp; name = tlocAttributeVariableTest.cpp; path = ../../../../src/tlocTests/graphics/tlocAttributeVariableTest.cpp; sourceTree = "<group>"; };
		976B93C216CBC436009C12A1 /* tlocUniformVariableTest.cpp */ = {isa = PBXFileReference; fileEncoding = 4; lastKnownFileType = sourcecode.cpp.cpp; name = tlocUniformVariableTest.cpp; path = ../../../../src/tlocTests/graphics/tlocUniformVariableTest.cpp; sourceTree = "<group>"; };
		9780B3791621E2B3008A1DB5 /* assets */ = {isa = PBXFileReference; lastKnownFileType = folder; name = assets; path = ../../../../assets; sourceTree = "<group>"; };
		97812E6315A3CCDE00F3C248 /* OpenGLES.framework */ = {isa = PBXFileReference; lastKnownFileType = wrapper.framework; name = OpenGLES.framework; path = System/Library/Frameworks/OpenGLES.framework; sourceTree = SDKROOT; };
		97C87A0D15DCE69500FE0A6C /* QuartzCore.framework */ = {isa = PBXFileReference; lastKnownFileType = wrapper.framework; name = QuartzCore.framework; path = System/Library/Frameworks/QuartzCore.framework; sourceTree = SDKROOT; };
		97CC77021580A6D900764CF3 /* tlocGraphicsTest.app */ = {isa = PBXFileReference; explicitFileType = wrapper.application; includeInIndex = 0; path = tlocGraphicsTest.app; sourceTree = BUILT_PRODUCTS_DIR; };
		97CC77061580A6D900764CF3 /* UIKit.framework */ = {isa = PBXFileReference; lastKnownFileType = wrapper.framework; name = UIKit.framework; path = System/Library/Frameworks/UIKit.framework; sourceTree = SDKROOT; };
		97CC77081580A6D900764CF3 /* Foundation.framework */ = {isa = PBXFileReference; lastKnownFileType = wrapper.framework; name = Foundation.framework; path = System/Library/Frameworks/Foundation.framework; sourceTree = SDKROOT; };
		97CC770A1580A6D900764CF3 /* CoreGraphics.framework */ = {isa = PBXFileReference; lastKnownFileType = wrapper.framework; name = CoreGraphics.framework; path = System/Library/Frameworks/CoreGraphics.framework; sourceTree = SDKROOT; };
		97DDC912161F9DF40011DDFD /* tlocImageLoaderTest.cpp */ = {isa = PBXFileReference; explicitFileType = sourcecode.cpp.objcpp; fileEncoding = 4; lineEnding = 2; name = tlocImageLoaderTest.cpp; path = ../../../../src/tlocTests/graphics/tlocImageLoaderTest.cpp; sourceTree = "<group>"; xcLanguageSpecificationIdentifier = xcode.lang.objcpp; };
		97DDC914161F9E160011DDFD /* tlocGLObjectTest.cpp */ = {isa = PBXFileReference; fileEncoding = 4; lastKnownFileType = sourcecode.cpp.cpp; name = tlocGLObjectTest.cpp; path = ../../../../src/tlocTests/graphics/tlocGLObjectTest.cpp; sourceTree = "<group>"; };
		97DDC915161F9E160011DDFD /* tlocShaderComponentTest.cpp */ = {isa = PBXFileReference; explicitFileType = sourcecode.cpp.objcpp; fileEncoding = 4; lineEnding = 2; name = tlocShaderComponentTest.cpp; path = ../../../../src/tlocTests/graphics/tlocShaderComponentTest.cpp; sourceTree = "<group>"; xcLanguageSpecificationIdentifier = xcode.lang.cpp; };
		97DDC916161F9E160011DDFD /* tlocShaderProgramTest.cpp */ = {isa = PBXFileReference; explicitFileType = sourcecode.cpp.objcpp; fileEncoding = 4; name = tlocShaderProgramTest.cpp; path = ../../../../src/tlocTests/graphics/tlocShaderProgramTest.cpp; sourceTree = "<group>"; };
		97DDC91C161F9E3B0011DDFD /* tlocColorTest.cpp */ = {isa = PBXFileReference; fileEncoding = 4; lastKnownFileType = sourcecode.cpp.cpp; name = tlocColorTest.cpp; path = ../../../../src/tlocTests/graphics/tlocColorTest.cpp; sourceTree = "<group>"; };
		97DDC920161F9E5F0011DDFD /* tlocGraphicsModesTest.cpp */ = {isa = PBXFileReference; fileEncoding = 4; lastKnownFileType = sourcecode.cpp.cpp; name = tlocGraphicsModesTest.cpp; path = ../../../../src/tlocTests/graphics/tlocGraphicsModesTest.cpp; sourceTree = "<group>"; };
		97DDC921161F9E5F0011DDFD /* tlocWindowTest.cpp */ = {isa = PBXFileReference; explicitFileType = sourcecode.cpp.objcpp; fileEncoding = 4; name = tlocWindowTest.cpp; path = ../../../../src/tlocTests/graphics/tlocWindowTest.cpp; sourceTree = "<group>"; };
		97DDC924161F9E800011DDFD /* main.cpp */ = {isa = PBXFileReference; fileEncoding = 4; lastKnownFileType = sourcecode.cpp.cpp; name = main.cpp; path = ../../../../src/tlocTests/graphics/main.cpp; sourceTree = "<group>"; };
		97DDC925161F9E800011DDFD /* tlocTestCommon.cpp */ = {isa = PBXFileReference; explicitFileType = sourcecode.cpp.objcpp; fileEncoding = 4; lineEnding = 2; name = tlocTestCommon.cpp; path = ../../../../src/tlocTests/graphics/tlocTestCommon.cpp; sourceTree = "<group>"; xcLanguageSpecificationIdentifier = xcode.lang.objcpp; };
		97DDC926161F9E800011DDFD /* tlocTestCommon.h */ = {isa = PBXFileReference; fileEncoding = 4; lastKnownFileType = sourcecode.c.h; lineEnding = 2; name = tlocTestCommon.h; path = ../../../../src/tlocTests/graphics/tlocTestCommon.h; sourceTree = "<group>"; xcLanguageSpecificationIdentifier = xcode.lang.objcpp; };
		97E494AD15DE6D7600F8DE7F /* tlocGraphicsTest-Info.plist */ = {isa = PBXFileReference; fileEncoding = 4; lastKnownFileType = text.plist.xml; name = "tlocGraphicsTest-Info.plist"; path = "SupportingFiles/tlocGraphicsTest-Info.plist"; sourceTree = "<group>"; };
/* End PBXFileReference section */

/* Begin PBXFrameworksBuildPhase section */
		97CC76FF1580A6D900764CF3 /* Frameworks */ = {
			isa = PBXFrameworksBuildPhase;
			buildActionMask = 2147483647;
			files = (
				97C87A0E15DCE69500FE0A6C /* QuartzCore.framework in Frameworks */,
				97CC770B1580A6D900764CF3 /* CoreGraphics.framework in Frameworks */,
				97812E6415A3CCDE00F3C248 /* OpenGLES.framework in Frameworks */,
				97CC77071580A6D900764CF3 /* UIKit.framework in Frameworks */,
				97CC77091580A6D900764CF3 /* Foundation.framework in Frameworks */,
			);
			runOnlyForDeploymentPostprocessing = 0;
		};
/* End PBXFrameworksBuildPhase section */

/* Begin PBXGroup section */
		9734BB371625836A003956FE /* view_projection */ = {
			isa = PBXGroup;
			children = (
				9734BB381625838A003956FE /* tlocFrustumTest.cpp */,
			);
			name = view_projection;
			sourceTree = "<group>";
		};
		976B93B016C6DD6D009C12A1 /* component_system */ = {
			isa = PBXGroup;
			children = (
				976B93B116C6DD7E009C12A1 /* components */,
			);
			name = component_system;
			sourceTree = "<group>";
		};
		976B93B116C6DD7E009C12A1 /* components */ = {
			isa = PBXGroup;
			children = (
				976B93B216C6DDA6009C12A1 /* tlocQuadTest.cpp */,
			);
			name = components;
			sourceTree = "<group>";
		};
		97C87BE315DE3DC500FE0A6C /* tlocGraphicsTest */ = {
			isa = PBXGroup;
			children = (
				97DDC90A161F8BA80011DDFD /* Graphics */,
				9780B3791621E2B3008A1DB5 /* assets */,
				97DDC924161F9E800011DDFD /* main.cpp */,
				97DDC925161F9E800011DDFD /* tlocTestCommon.cpp */,
				97DDC926161F9E800011DDFD /* tlocTestCommon.h */,
				97C87D4F15DE51FD00FE0A6C /* Supporting Files */,
			);
			name = tlocGraphicsTest;
			sourceTree = "<group>";
		};
		97C87D4F15DE51FD00FE0A6C /* Supporting Files */ = {
			isa = PBXGroup;
			children = (
				97E494AD15DE6D7600F8DE7F /* tlocGraphicsTest-Info.plist */,
			);
			name = "Supporting Files";
			sourceTree = "<group>";
		};
		97CC76F71580A6D800764CF3 = {
			isa = PBXGroup;
			children = (
				97C87BE315DE3DC500FE0A6C /* tlocGraphicsTest */,
				97CC77051580A6D900764CF3 /* Frameworks */,
				97CC77031580A6D900764CF3 /* Products */,
			);
			sourceTree = "<group>";
		};
		97CC77031580A6D900764CF3 /* Products */ = {
			isa = PBXGroup;
			children = (
				97CC77021580A6D900764CF3 /* tlocGraphicsTest.app */,
			);
			name = Products;
			sourceTree = "<group>";
		};
		97CC77051580A6D900764CF3 /* Frameworks */ = {
			isa = PBXGroup;
			children = (
				97C87A0D15DCE69500FE0A6C /* QuartzCore.framework */,
				97812E6315A3CCDE00F3C248 /* OpenGLES.framework */,
				97CC77061580A6D900764CF3 /* UIKit.framework */,
				97CC77081580A6D900764CF3 /* Foundation.framework */,
				97CC770A1580A6D900764CF3 /* CoreGraphics.framework */,
			);
			name = Frameworks;
			sourceTree = "<group>";
		};
		97DDC90A161F8BA80011DDFD /* Graphics */ = {
			isa = PBXGroup;
			children = (
				976B93B016C6DD6D009C12A1 /* component_system */,
				97DDC90E161F9CF40011DDFD /* media */,
				97DDC90D161F9CED0011DDFD /* opengl */,
				97DDC90C161F9CE10011DDFD /* types */,
				9734BB371625836A003956FE /* view_projection */,
				97DDC920161F9E5F0011DDFD /* tlocGraphicsModesTest.cpp */,
				97DDC921161F9E5F0011DDFD /* tlocWindowTest.cpp */,
			);
			name = Graphics;
			sourceTree = "<group>";
		};
		97DDC90C161F9CE10011DDFD /* types */ = {
			isa = PBXGroup;
			children = (
				97DDC91C161F9E3B0011DDFD /* tlocColorTest.cpp */,
				9734BB3416258360003956FE /* tlocFOVTest.cpp */,
			);
			name = types;
			sourceTree = "<group>";
		};
		97DDC90D161F9CED0011DDFD /* opengl */ = {
			isa = PBXGroup;
			children = (
				976B93C116CBC436009C12A1 /* tlocAttributeVariableTest.cpp */,
				976B93C216CBC436009C12A1 /* tlocUniformVariableTest.cpp */,
				976B93B416C6DDE0009C12A1 /* tlocGLGeneralTest.cpp */,
				97DDC914161F9E160011DDFD /* tlocGLObjectTest.cpp */,
				97DDC915161F9E160011DDFD /* tlocShaderComponentTest.cpp */,
				976B93B516C6DDE0009C12A1 /* tlocShaderOperatorTest.cpp */,
				97DDC916161F9E160011DDFD /* tlocShaderProgramTest.cpp */,
				976B93B616C6DDE0009C12A1 /* tlocVertexTest.cpp */,
			);
			name = opengl;
			sourceTree = "<group>";
		};
		97DDC90E161F9CF40011DDFD /* media */ = {
			isa = PBXGroup;
			children = (
				97DDC912161F9DF40011DDFD /* tlocImageLoaderTest.cpp */,
			);
			name = media;
			sourceTree = "<group>";
		};
/* End PBXGroup section */

/* Begin PBXNativeTarget section */
		97CC77011580A6D900764CF3 /* tlocGraphicsTest */ = {
			isa = PBXNativeTarget;
			buildConfigurationList = 97CC771A1580A6D900764CF3 /* Build configuration list for PBXNativeTarget "tlocGraphicsTest" */;
			buildPhases = (
				97CC76FE1580A6D900764CF3 /* Sources */,
				97CC76FF1580A6D900764CF3 /* Frameworks */,
				97CC77001580A6D900764CF3 /* Resources */,
			);
			buildRules = (
			);
			dependencies = (
			);
			name = tlocGraphicsTest;
			productName = tlocTesting;
			productReference = 97CC77021580A6D900764CF3 /* tlocGraphicsTest.app */;
			productType = "com.apple.product-type.application";
		};
/* End PBXNativeTarget section */

/* Begin PBXProject section */
		97CC76F91580A6D800764CF3 /* Project object */ = {
			isa = PBXProject;
			attributes = {
				LastUpgradeCheck = 0430;
			};
			buildConfigurationList = 97CC76FC1580A6D800764CF3 /* Build configuration list for PBXProject "tlocGraphicsTest" */;
			compatibilityVersion = "Xcode 3.2";
			developmentRegion = English;
			hasScannedForEncodings = 0;
			knownRegions = (
				en,
			);
			mainGroup = 97CC76F71580A6D800764CF3;
			productRefGroup = 97CC77031580A6D900764CF3 /* Products */;
			projectDirPath = "";
			projectRoot = "";
			targets = (
				97CC77011580A6D900764CF3 /* tlocGraphicsTest */,
			);
		};
/* End PBXProject section */

/* Begin PBXResourcesBuildPhase section */
		97CC77001580A6D900764CF3 /* Resources */ = {
			isa = PBXResourcesBuildPhase;
			buildActionMask = 2147483647;
			files = (
				9780B37A1621E2B3008A1DB5 /* assets in Resources */,
			);
			runOnlyForDeploymentPostprocessing = 0;
		};
/* End PBXResourcesBuildPhase section */

/* Begin PBXSourcesBuildPhase section */
		97CC76FE1580A6D900764CF3 /* Sources */ = {
			isa = PBXSourcesBuildPhase;
			buildActionMask = 2147483647;
			files = (
				97DDC913161F9DF40011DDFD /* tlocImageLoaderTest.cpp in Sources */,
				97DDC917161F9E160011DDFD /* tlocGLObjectTest.cpp in Sources */,
				97DDC918161F9E160011DDFD /* tlocShaderComponentTest.cpp in Sources */,
				97DDC919161F9E160011DDFD /* tlocShaderProgramTest.cpp in Sources */,
				97DDC91E161F9E3B0011DDFD /* tlocColorTest.cpp in Sources */,
				97DDC922161F9E5F0011DDFD /* tlocGraphicsModesTest.cpp in Sources */,
				97DDC923161F9E5F0011DDFD /* tlocWindowTest.cpp in Sources */,
				97DDC927161F9E800011DDFD /* main.cpp in Sources */,
				97DDC928161F9E800011DDFD /* tlocTestCommon.cpp in Sources */,
				9734BB3516258360003956FE /* tlocFOVTest.cpp in Sources */,
				9734BB391625838A003956FE /* tlocFrustumTest.cpp in Sources */,
				976B93B316C6DDA6009C12A1 /* tlocQuadTest.cpp in Sources */,
				976B93B716C6DDE0009C12A1 /* tlocGLGeneralTest.cpp in Sources */,
				976B93B816C6DDE0009C12A1 /* tlocShaderOperatorTest.cpp in Sources */,
				976B93B916C6DDE0009C12A1 /* tlocVertexTest.cpp in Sources */,
				976B93C316CBC436009C12A1 /* tlocAttributeVariableTest.cpp in Sources */,
				976B93C416CBC436009C12A1 /* tlocUniformVariableTest.cpp in Sources */,
			);
			runOnlyForDeploymentPostprocessing = 0;
		};
/* End PBXSourcesBuildPhase section */

/* Begin XCBuildConfiguration section */
		97CC77181580A6D900764CF3 /* Debug */ = {
			isa = XCBuildConfiguration;
			buildSettings = {
				ALWAYS_SEARCH_USER_PATHS = YES;
				ARCHS = "$(ARCHS_STANDARD_32_BIT)";
				"CODE_SIGN_IDENTITY[sdk=iphoneos*]" = "iPhone Developer";
				CONFIGURATION_BUILD_DIR = "$(TLOC_PATH)/bin/Xcode4/$(CONFIGURATION)/$(PLATFORM_NAME)/$(PROJECT_NAME)";
				CONFIGURATION_TEMP_DIR = "$(CONFIGURATION)/$(PLATFORM_NAME)";
				COPY_PHASE_STRIP = NO;
				GCC_C_LANGUAGE_STANDARD = gnu99;
				GCC_DYNAMIC_NO_PIC = NO;
				GCC_ENABLE_CPP_RTTI = NO;
				GCC_OPTIMIZATION_LEVEL = 0;
				GCC_PREPROCESSOR_DEFINITIONS = (
					"DEBUG=1",
					"$(inherited)",
				);
				GCC_PREPROCESSOR_DEFINITIONS_NOT_USED_IN_PRECOMPS = (
					TLOC_DEBUG,
					TLOC_ENABLE_CPPUNWIND,
					TLOC_USING_STL,
					TLOC_ENABLE_ASSERT_LOW_LEVEL,
				);
				GCC_SYMBOLS_PRIVATE_EXTERN = NO;
				GCC_VERSION = com.apple.compilers.llvm.clang.1_0;
				GCC_WARN_ABOUT_RETURN_TYPE = YES;
				GCC_WARN_UNINITIALIZED_AUTOS = YES;
				GCC_WARN_UNUSED_VARIABLE = YES;
				INFOPLIST_FILE = "SupportingFiles/tlocTesting-Info.plist";
				IPHONEOS_DEPLOYMENT_TARGET = 5.1;
				OTHER_LDFLAGS = (
					"\"$(TLOC_PATH)/lib/Xcode4/$(CONFIGURATION)/$(PLATFORM_NAME)/tlocCore/tlocCore_$(CONFIGURATION).a\"",
					"\"$(TLOC_PATH)/lib/Xcode4/$(CONFIGURATION)/$(PLATFORM_NAME)/tlocMath/tlocMath_$(CONFIGURATION).a\"",
					"\"$(TLOC_PATH)/lib/Xcode4/$(CONFIGURATION)/$(PLATFORM_NAME)/tlocGraphics/tlocGraphics_$(CONFIGURATION).a\"",
					"\"$(TLOC_PATH)/lib/Xcode4/$(CONFIGURATION)/$(PLATFORM_NAME)/tlocInput/tlocInput_$(CONFIGURATION).a\"",
				);
				SDKROOT = iphoneos;
				TARGETED_DEVICE_FAMILY = "1,2";
				USER_HEADER_SEARCH_PATHS = "$(TLOC_DEP_PATH)/include/CATCH/include $(TLOC_DEP_PATH)/include/CATCH/single_include $(TLOC_PATH)/src/";
				WARNING_CFLAGS = "";
			};
			name = Debug;
		};
		97CC77191580A6D900764CF3 /* Release */ = {
			isa = XCBuildConfiguration;
			buildSettings = {
				ALWAYS_SEARCH_USER_PATHS = YES;
				ARCHS = "$(ARCHS_STANDARD_32_BIT)";
				"CODE_SIGN_IDENTITY[sdk=iphoneos*]" = "iPhone Developer";
				CONFIGURATION_BUILD_DIR = "$(TLOC_PATH)/bin/Xcode4/$(CONFIGURATION)/$(PLATFORM_NAME)/$(PROJECT_NAME)";
				CONFIGURATION_TEMP_DIR = "$(CONFIGURATION)/$(PLATFORM_NAME)";
				COPY_PHASE_STRIP = YES;
				GCC_C_LANGUAGE_STANDARD = gnu99;
				GCC_ENABLE_CPP_RTTI = NO;
				GCC_PREPROCESSOR_DEFINITIONS_NOT_USED_IN_PRECOMPS = (
					TLOC_RELEASE,
					TLOC_ENABLE_CPPUNWIND,
					TLOC_USING_STL,
					TLOC_ENABLE_ASSERT_LOW_LEVEL,
				);
				GCC_VERSION = com.apple.compilers.llvm.clang.1_0;
				GCC_WARN_ABOUT_RETURN_TYPE = YES;
				GCC_WARN_UNINITIALIZED_AUTOS = YES;
				GCC_WARN_UNUSED_VARIABLE = YES;
				INFOPLIST_FILE = "SupportingFiles/tlocTesting-Info.plist";
				IPHONEOS_DEPLOYMENT_TARGET = 5.1;
				OTHER_CFLAGS = "";
				OTHER_LDFLAGS = (
					"\"$(TLOC_PATH)/lib/Xcode4/$(CONFIGURATION)/$(PLATFORM_NAME)/tlocCore/tlocCore_$(CONFIGURATION).a\"",
					"\"$(TLOC_PATH)/lib/Xcode4/$(CONFIGURATION)/$(PLATFORM_NAME)/tlocMath/tlocMath_$(CONFIGURATION).a\"",
					"\"$(TLOC_PATH)/lib/Xcode4/$(CONFIGURATION)/$(PLATFORM_NAME)/tlocGraphics/tlocGraphics_$(CONFIGURATION).a\"",
					"\"$(TLOC_PATH)/lib/Xcode4/$(CONFIGURATION)/$(PLATFORM_NAME)/tlocInput/tlocInput_$(CONFIGURATION).a\"",
				);
				SDKROOT = iphoneos;
				TARGETED_DEVICE_FAMILY = "1,2";
				USER_HEADER_SEARCH_PATHS = "$(TLOC_DEP_PATH)/include/CATCH/include $(TLOC_DEP_PATH)/include/CATCH/single_include $(TLOC_PATH)/src/";
				VALIDATE_PRODUCT = YES;
				WARNING_CFLAGS = "";
			};
			name = Release;
		};
		97CC771B1580A6D900764CF3 /* Debug */ = {
			isa = XCBuildConfiguration;
			buildSettings = {
				INFOPLIST_FILE = "SupportingFiles/tlocGraphicsTest-Info.plist";
				INFOPLIST_PREPROCESSOR_DEFINITIONS = (
					"\"$(TLOC_PATH)/lib/Xcode4/$(CONFIGURATION)/$(EFFECTIVE_PLATFORM_NAME)/tlocCore/tlocCore_$(CONFIGURATION).a\"",
					"\"$(TLOC_PATH)/lib/Xcode4/$(CONFIGURATION)/$(EFFECTIVE_PLATFORM_NAME)/tlocMath/tlocMath_$(CONFIGURATION).a\"",
					"\"$(TLOC_PATH)/lib/Xcode4/$(CONFIGURATION)/$(EFFECTIVE_PLATFORM_NAME)/tlocGraphics/tlocGraphics_$(CONFIGURATION).a\"",
					"\"$(TLOC_PATH)/lib/Xcode4/$(CONFIGURATION)/$(EFFECTIVE_PLATFORM_NAME)/tlocInput/tlocInput_$(CONFIGURATION).a\"",
				);
				LIBRARY_SEARCH_PATHS = (
					"$(inherited)",
					"\"$(SRCROOT)/../../../../../../Library/Developer/Xcode/DerivedData/tlocEngine-fhbvdvpfcqeklhdvrpkbuejjflqt/Build/Products/Debug-iphoneos\"",
					"\"$(SRCROOT)/../../../../bin/Xcode4/tlocEngine/Build/Products/Debug-iphoneos\"",
					"\"$(SRCROOT)/../../../../bin/Xcode4/tlocEngine/Build/Products/Debug-iphonesimulator\"",
				);
				PRODUCT_NAME = tlocGraphicsTest;
				WRAPPER_EXTENSION = app;
			};
			name = Debug;
		};
		97CC771C1580A6D900764CF3 /* Release */ = {
			isa = XCBuildConfiguration;
			buildSettings = {
				INFOPLIST_FILE = "SupportingFiles/tlocGraphicsTest-Info.plist";
				INFOPLIST_PREPROCESSOR_DEFINITIONS = (
					"\"$(TLOC_PATH)/lib/Xcode4/$(CONFIGURATION)/$(EFFECTIVE_PLATFORM_NAME)/tlocCore/tlocCore_$(CONFIGURATION).a\"",
					"\"$(TLOC_PATH)/lib/Xcode4/$(CONFIGURATION)/$(EFFECTIVE_PLATFORM_NAME)/tlocMath/tlocMath_$(CONFIGURATION).a\"",
					"\"$(TLOC_PATH)/lib/Xcode4/$(CONFIGURATION)/$(EFFECTIVE_PLATFORM_NAME)/tlocGraphics/tlocGraphics_$(CONFIGURATION).a\"",
					"\"$(TLOC_PATH)/lib/Xcode4/$(CONFIGURATION)/$(EFFECTIVE_PLATFORM_NAME)/tlocInput/tlocInput_$(CONFIGURATION).a\"",
				);
				LIBRARY_SEARCH_PATHS = (
					"$(inherited)",
					"\"$(SRCROOT)/../../../../../../Library/Developer/Xcode/DerivedData/tlocEngine-fhbvdvpfcqeklhdvrpkbuejjflqt/Build/Products/Debug-iphoneos\"",
					"\"$(SRCROOT)/../../../../bin/Xcode4/tlocEngine/Build/Products/Debug-iphoneos\"",
					"\"$(SRCROOT)/../../../../bin/Xcode4/tlocEngine/Build/Products/Debug-iphonesimulator\"",
				);
				PRODUCT_NAME = tlocGraphicsTest;
				WRAPPER_EXTENSION = app;
			};
			name = Release;
		};
/* End XCBuildConfiguration section */

/* Begin XCConfigurationList section */
		97CC76FC1580A6D800764CF3 /* Build configuration list for PBXProject "tlocGraphicsTest" */ = {
			isa = XCConfigurationList;
			buildConfigurations = (
				97CC77181580A6D900764CF3 /* Debug */,
				97CC77191580A6D900764CF3 /* Release */,
			);
			defaultConfigurationIsVisible = 0;
			defaultConfigurationName = Release;
		};
		97CC771A1580A6D900764CF3 /* Build configuration list for PBXNativeTarget "tlocGraphicsTest" */ = {
			isa = XCConfigurationList;
			buildConfigurations = (
				97CC771B1580A6D900764CF3 /* Debug */,
				97CC771C1580A6D900764CF3 /* Release */,
			);
			defaultConfigurationIsVisible = 0;
			defaultConfigurationName = Release;
		};
/* End XCConfigurationList section */
	};
	rootObject = 97CC76F91580A6D800764CF3 /* Project object */;
}
