<?xml version="1.0" encoding="UTF-8"?>
<Scheme
   LastUpgradeVersion = "0460"
   version = "1.3">
   <BuildAction
      parallelizeBuildables = "NO"
      buildImplicitDependencies = "YES">
      <BuildActionEntries>
         <BuildActionEntry
            buildForTesting = "YES"
            buildForRunning = "YES"
            buildForProfiling = "YES"
            buildForArchiving = "YES"
            buildForAnalyzing = "YES">
            <BuildableReference
               BuildableIdentifier = "primary"
               BlueprintIdentifier = "97F4D4D916D6A33A00A882E8"
               BuildableName = "tlocVersion"
               BlueprintName = "tlocVersion"
               ReferencedContainer = "container:../tlocVersion/tlocVersion.xcodeproj">
            </BuildableReference>
         </BuildActionEntry>
         <BuildActionEntry
            buildForTesting = "YES"
            buildForRunning = "YES"
            buildForProfiling = "YES"
            buildForArchiving = "YES"
            buildForAnalyzing = "YES">
            <BuildableReference
               BuildableIdentifier = "primary"
               BlueprintIdentifier = "97F4D4F216D6B9F700A882E8"
               BuildableName = "tlocVersionTool"
               BlueprintName = "tlocVersionTool"
               ReferencedContainer = "container:../tlocVersionTool/tlocVersionTool.xcodeproj">
            </BuildableReference>
         </BuildActionEntry>
         <BuildActionEntry
            buildForTesting = "YES"
            buildForRunning = "YES"
            buildForProfiling = "YES"
            buildForArchiving = "YES"
            buildForAnalyzing = "YES">
            <BuildableReference
               BuildableIdentifier = "primary"
               BlueprintIdentifier = "978481A1157DA6A20007F526"
               BuildableName = "tlocCore_Release.a"
               BlueprintName = "tlocCore"
               ReferencedContainer = "container:../tlocCore/tlocCore.xcodeproj">
            </BuildableReference>
         </BuildActionEntry>
         <BuildActionEntry
            buildForTesting = "YES"
            buildForRunning = "YES"
            buildForProfiling = "YES"
            buildForArchiving = "YES"
            buildForAnalyzing = "YES">
            <BuildableReference
               BuildableIdentifier = "primary"
               BlueprintIdentifier = "97CC7658157DD64400764CF3"
               BuildableName = "tlocMath_Release.a"
               BlueprintName = "tlocMath"
               ReferencedContainer = "container:../tlocMath/tlocMath.xcodeproj">
            </BuildableReference>
         </BuildActionEntry>
         <BuildActionEntry
            buildForTesting = "YES"
            buildForRunning = "YES"
            buildForProfiling = "YES"
            buildForArchiving = "YES"
            buildForAnalyzing = "YES">
            <BuildableReference
               BuildableIdentifier = "primary"
               BlueprintIdentifier = "97812E0415A2A61B00F3C248"
               BuildableName = "tlocGraphics_Release.a"
               BlueprintName = "tlocGraphics"
               ReferencedContainer = "container:../tlocGraphics/tlocGraphics.xcodeproj">
            </BuildableReference>
         </BuildActionEntry>
         <BuildActionEntry
            buildForTesting = "YES"
            buildForRunning = "YES"
            buildForProfiling = "YES"
            buildForArchiving = "YES"
            buildForAnalyzing = "YES">
            <BuildableReference
               BuildableIdentifier = "primary"
               BlueprintIdentifier = "9736627A15B0F68D009F67B2"
               BuildableName = "tlocInput_Release.a"
               BlueprintName = "tlocInput"
               ReferencedContainer = "container:../tlocInput/tlocInput.xcodeproj">
            </BuildableReference>
         </BuildActionEntry>
         <BuildActionEntry
            buildForTesting = "YES"
            buildForRunning = "YES"
            buildForProfiling = "YES"
            buildForArchiving = "YES"
            buildForAnalyzing = "YES">
            <BuildableReference
               BuildableIdentifier = "primary"
               BlueprintIdentifier = "9743B25216EB20AF00D1BFFF"
               BuildableName = "tlocPhysics_Release.a"
               BlueprintName = "tlocPhysics"
               ReferencedContainer = "container:../tlocPhysics/tlocPhysics.xcodeproj">
            </BuildableReference>
         </BuildActionEntry>
         <BuildActionEntry
            buildForTesting = "YES"
            buildForRunning = "YES"
            buildForProfiling = "YES"
            buildForArchiving = "YES"
            buildForAnalyzing = "YES">
            <BuildableReference
               BuildableIdentifier = "primary"
               BlueprintIdentifier = "97CC1D1516CCEC2D003C6740"
               BuildableName = "tlocPrefab_Release.a"
               BlueprintName = "tlocPrefab"
               ReferencedContainer = "container:../tlocPrefab/tlocPrefab.xcodeproj">
            </BuildableReference>
         </BuildActionEntry>
         <BuildActionEntry
            buildForTesting = "YES"
            buildForRunning = "YES"
            buildForProfiling = "YES"
            buildForArchiving = "YES"
            buildForAnalyzing = "YES">
            <BuildableReference
               BuildableIdentifier = "primary"
               BlueprintIdentifier = "97CC77011580A6D900764CF3"
               BuildableName = "tlocCoreTest.app"
               BlueprintName = "tlocCoreTest"
               ReferencedContainer = "container:tlocCoreTest.xcodeproj">
            </BuildableReference>
         </BuildActionEntry>
         <BuildActionEntry
            buildForTesting = "YES"
            buildForRunning = "YES"
            buildForProfiling = "YES"
            buildForArchiving = "YES"
            buildForAnalyzing = "YES">
            <BuildableReference
               BuildableIdentifier = "primary"
               BlueprintIdentifier = "97CC77011580A6D900764CF3"
               BuildableName = "tlocMathTest.app"
               BlueprintName = "tlocMathTest"
               ReferencedContainer = "container:../tlocMathTest/tlocMathTest.xcodeproj">
            </BuildableReference>
         </BuildActionEntry>
         <BuildActionEntry
            buildForTesting = "YES"
            buildForRunning = "YES"
            buildForProfiling = "YES"
            buildForArchiving = "YES"
            buildForAnalyzing = "YES">
            <BuildableReference
               BuildableIdentifier = "primary"
               BlueprintIdentifier = "97CC77011580A6D900764CF3"
               BuildableName = "tlocGraphicsTest.app"
               BlueprintName = "tlocGraphicsTest"
               ReferencedContainer = "container:../tlocGraphicsTest/tlocGraphicsTest.xcodeproj">
            </BuildableReference>
         </BuildActionEntry>
         <BuildActionEntry
            buildForTesting = "YES"
            buildForRunning = "YES"
            buildForProfiling = "YES"
            buildForArchiving = "YES"
            buildForAnalyzing = "YES">
            <BuildableReference
               BuildableIdentifier = "primary"
               BlueprintIdentifier = "97CC77011580A6D900764CF3"
               BuildableName = "tlocInputTest.app"
               BlueprintName = "tlocInputTest"
               ReferencedContainer = "container:../tlocInputTest/tlocInputTest.xcodeproj">
            </BuildableReference>
         </BuildActionEntry>
         <BuildActionEntry
            buildForTesting = "YES"
            buildForRunning = "YES"
            buildForProfiling = "YES"
            buildForArchiving = "YES"
            buildForAnalyzing = "YES">
            <BuildableReference
               BuildableIdentifier = "primary"
               BlueprintIdentifier = "9743B2D116EB379600D1BFFF"
               BuildableName = "tlocPhysicsTest.app"
               BlueprintName = "tlocPhysicsTest"
               ReferencedContainer = "container:../tlocPhysicsTest/tlocPhysicsTest.xcodeproj">
            </BuildableReference>
         </BuildActionEntry>
      </BuildActionEntries>
   </BuildAction>
   <TestAction
      selectedDebuggerIdentifier = "Xcode.DebuggerFoundation.Debugger.LLDB"
      selectedLauncherIdentifier = "Xcode.DebuggerFoundation.Launcher.LLDB"
      shouldUseLaunchSchemeArgsEnv = "YES"
      buildConfiguration = "Debug">
      <Testables>
      </Testables>
      <MacroExpansion>
         <BuildableReference
            BuildableIdentifier = "primary"
            BlueprintIdentifier = "97CC77011580A6D900764CF3"
            BuildableName = "tlocCoreTest.app"
            BlueprintName = "tlocCoreTest"
            ReferencedContainer = "container:tlocCoreTest.xcodeproj">
         </BuildableReference>
      </MacroExpansion>
   </TestAction>
   <LaunchAction
      selectedDebuggerIdentifier = "Xcode.DebuggerFoundation.Debugger.LLDB"
      selectedLauncherIdentifier = "Xcode.DebuggerFoundation.Launcher.LLDB"
      launchStyle = "0"
      useCustomWorkingDirectory = "NO"
      buildConfiguration = "Release"
      ignoresPersistentStateOnLaunch = "NO"
      debugDocumentVersioning = "YES"
      allowLocationSimulation = "YES">
      <BuildableProductRunnable>
         <BuildableReference
            BuildableIdentifier = "primary"
            BlueprintIdentifier = "97CC77011580A6D900764CF3"
            BuildableName = "tlocCoreTest.app"
            BlueprintName = "tlocCoreTest"
            ReferencedContainer = "container:tlocCoreTest.xcodeproj">
         </BuildableReference>
      </BuildableProductRunnable>
      <AdditionalOptions>
      </AdditionalOptions>
   </LaunchAction>
   <ProfileAction
      shouldUseLaunchSchemeArgsEnv = "YES"
      savedToolIdentifier = ""
      useCustomWorkingDirectory = "NO"
      buildConfiguration = "Release"
      debugDocumentVersioning = "YES">
      <BuildableProductRunnable>
         <BuildableReference
            BuildableIdentifier = "primary"
            BlueprintIdentifier = "97CC77011580A6D900764CF3"
            BuildableName = "tlocCoreTest.app"
            BlueprintName = "tlocCoreTest"
            ReferencedContainer = "container:tlocCoreTest.xcodeproj">
         </BuildableReference>
      </BuildableProductRunnable>
   </ProfileAction>
   <AnalyzeAction
      buildConfiguration = "Debug">
   </AnalyzeAction>
   <ArchiveAction
      buildConfiguration = "Release"
      revealArchiveInOrganizer = "YES">
   </ArchiveAction>
</Scheme>
