// !$*UTF8*$!
{
	archiveVersion = 1;
	classes = {
	};
	objectVersion = 46;
	objects = {

/* Begin PBXBuildFile section */
		9734BB1E162580D3003956FE /* tlocPythagoras.cpp in Sources */ = {isa = PBXBuildFile; fileRef = 9734BB1C162580D3003956FE /* tlocPythagoras.cpp */; };
		9734BB1F162580D3003956FE /* tlocPythagoras.h in Headers */ = {isa = PBXBuildFile; fileRef = 9734BB1D162580D3003956FE /* tlocPythagoras.h */; };
		97AF926516AC852300DB6C90 /* tlocMathExplicitMacros.h in Headers */ = {isa = PBXBuildFile; fileRef = 97AF926416AC852300DB6C90 /* tlocMathExplicitMacros.h */; };
		97AF926B16AC856700DB6C90 /* tlocComponentType.h in Headers */ = {isa = PBXBuildFile; fileRef = 97AF926816AC856700DB6C90 /* tlocComponentType.h */; };
		97AF926C16AC856700DB6C90 /* tlocTransform.cpp in Sources */ = {isa = PBXBuildFile; fileRef = 97AF926916AC856700DB6C90 /* tlocTransform.cpp */; };
		97AF926D16AC856700DB6C90 /* tlocTransform.h in Headers */ = {isa = PBXBuildFile; fileRef = 97AF926A16AC856700DB6C90 /* tlocTransform.h */; };
		97AF927116AC857900DB6C90 /* tloc_component_system.cpp in Sources */ = {isa = PBXBuildFile; fileRef = 97AF926E16AC857900DB6C90 /* tloc_component_system.cpp */; };
		97AF927216AC857900DB6C90 /* tloc_component_system.h in Headers */ = {isa = PBXBuildFile; fileRef = 97AF926F16AC857900DB6C90 /* tloc_component_system.h */; };
		97AF927716AC85B100DB6C90 /* tlocAngle.cpp in Sources */ = {isa = PBXBuildFile; fileRef = 97AF927316AC85B100DB6C90 /* tlocAngle.cpp */; };
		97AF927816AC85B100DB6C90 /* tlocAngle.h in Headers */ = {isa = PBXBuildFile; fileRef = 97AF927416AC85B100DB6C90 /* tlocAngle.h */; };
		97AF927916AC85B100DB6C90 /* tlocAngleExplicitMacros.h in Headers */ = {isa = PBXBuildFile; fileRef = 97AF927616AC85B100DB6C90 /* tlocAngleExplicitMacros.h */; };
		97AF928A16AC85EA00DB6C90 /* tloc_matrix.cpp in Sources */ = {isa = PBXBuildFile; fileRef = 97AF927A16AC85EA00DB6C90 /* tloc_matrix.cpp */; };
		97AF928B16AC85EA00DB6C90 /* tloc_matrix.h in Headers */ = {isa = PBXBuildFile; fileRef = 97AF927B16AC85EA00DB6C90 /* tloc_matrix.h */; };
		97AF928C16AC85EA00DB6C90 /* tlocMatrix.cpp in Sources */ = {isa = PBXBuildFile; fileRef = 97AF927D16AC85EA00DB6C90 /* tlocMatrix.cpp */; };
		97AF928D16AC85EA00DB6C90 /* tlocMatrix.h in Headers */ = {isa = PBXBuildFile; fileRef = 97AF927E16AC85EA00DB6C90 /* tlocMatrix.h */; };
		97AF928E16AC85EA00DB6C90 /* tlocMatrix2.cpp in Sources */ = {isa = PBXBuildFile; fileRef = 97AF928016AC85EA00DB6C90 /* tlocMatrix2.cpp */; };
		97AF928F16AC85EA00DB6C90 /* tlocMatrix2.h in Headers */ = {isa = PBXBuildFile; fileRef = 97AF928116AC85EA00DB6C90 /* tlocMatrix2.h */; };
		97AF929016AC85EA00DB6C90 /* tlocMatrix3.cpp in Sources */ = {isa = PBXBuildFile; fileRef = 97AF928316AC85EA00DB6C90 /* tlocMatrix3.cpp */; };
		97AF929116AC85EA00DB6C90 /* tlocMatrix3.h in Headers */ = {isa = PBXBuildFile; fileRef = 97AF928416AC85EA00DB6C90 /* tlocMatrix3.h */; };
		97AF929216AC85EA00DB6C90 /* tlocMatrix4.cpp in Sources */ = {isa = PBXBuildFile; fileRef = 97AF928616AC85EA00DB6C90 /* tlocMatrix4.cpp */; };
		97AF929316AC85EA00DB6C90 /* tlocMatrix4.h in Headers */ = {isa = PBXBuildFile; fileRef = 97AF928716AC85EA00DB6C90 /* tlocMatrix4.h */; };
		97AF929416AC85EA00DB6C90 /* tlocMatrixExplicitMacros.h in Headers */ = {isa = PBXBuildFile; fileRef = 97AF928916AC85EA00DB6C90 /* tlocMatrixExplicitMacros.h */; };
		97AF929916AC863900DB6C90 /* tlocCircle.cpp in Sources */ = {isa = PBXBuildFile; fileRef = 97AF929716AC863900DB6C90 /* tlocCircle.cpp */; };
		97AF929A16AC863900DB6C90 /* tlocCircle.h in Headers */ = {isa = PBXBuildFile; fileRef = 97AF929816AC863900DB6C90 /* tlocCircle.h */; };
		97AF929E16AC866E00DB6C90 /* tlocRectangle.cpp in Sources */ = {isa = PBXBuildFile; fileRef = 97AF929C16AC866E00DB6C90 /* tlocRectangle.cpp */; };
		97AF929F16AC866E00DB6C90 /* tlocRectangle.h in Headers */ = {isa = PBXBuildFile; fileRef = 97AF929D16AC866E00DB6C90 /* tlocRectangle.h */; };
		97AF92B016AC86BE00DB6C90 /* tloc_vector.cpp in Sources */ = {isa = PBXBuildFile; fileRef = 97AF92A016AC86BE00DB6C90 /* tloc_vector.cpp */; };
		97AF92B116AC86BE00DB6C90 /* tloc_vector.h in Headers */ = {isa = PBXBuildFile; fileRef = 97AF92A116AC86BE00DB6C90 /* tloc_vector.h */; };
		97AF92B216AC86BE00DB6C90 /* tlocVector.cpp in Sources */ = {isa = PBXBuildFile; fileRef = 97AF92A316AC86BE00DB6C90 /* tlocVector.cpp */; };
		97AF92B316AC86BE00DB6C90 /* tlocVector.h in Headers */ = {isa = PBXBuildFile; fileRef = 97AF92A416AC86BE00DB6C90 /* tlocVector.h */; };
		97AF92B416AC86BE00DB6C90 /* tlocVector2.cpp in Sources */ = {isa = PBXBuildFile; fileRef = 97AF92A616AC86BE00DB6C90 /* tlocVector2.cpp */; };
		97AF92B516AC86BE00DB6C90 /* tlocVector2.h in Headers */ = {isa = PBXBuildFile; fileRef = 97AF92A716AC86BE00DB6C90 /* tlocVector2.h */; };
		97AF92B616AC86BE00DB6C90 /* tlocVector3.cpp in Sources */ = {isa = PBXBuildFile; fileRef = 97AF92A916AC86BE00DB6C90 /* tlocVector3.cpp */; };
		97AF92B716AC86BE00DB6C90 /* tlocVector3.h in Headers */ = {isa = PBXBuildFile; fileRef = 97AF92AA16AC86BE00DB6C90 /* tlocVector3.h */; };
		97AF92B816AC86BE00DB6C90 /* tlocVector4.cpp in Sources */ = {isa = PBXBuildFile; fileRef = 97AF92AC16AC86BE00DB6C90 /* tlocVector4.cpp */; };
		97AF92B916AC86BE00DB6C90 /* tlocVector4.h in Headers */ = {isa = PBXBuildFile; fileRef = 97AF92AD16AC86BE00DB6C90 /* tlocVector4.h */; };
		97AF92BA16AC86BE00DB6C90 /* tlocVectorExplicitMacros.h in Headers */ = {isa = PBXBuildFile; fileRef = 97AF92AF16AC86BE00DB6C90 /* tlocVectorExplicitMacros.h */; };
		97AF92BE16AC86EC00DB6C90 /* tloc_types.cpp in Sources */ = {isa = PBXBuildFile; fileRef = 97AF92BB16AC86EC00DB6C90 /* tloc_types.cpp */; };
		97AF92BF16AC86EC00DB6C90 /* tloc_types.h in Headers */ = {isa = PBXBuildFile; fileRef = 97AF92BC16AC86EC00DB6C90 /* tloc_types.h */; };
		97AF92C316AC871100DB6C90 /* tloc_utilities.cpp in Sources */ = {isa = PBXBuildFile; fileRef = 97AF92C016AC871100DB6C90 /* tloc_utilities.cpp */; };
		97AF92C416AC871100DB6C90 /* tloc_utilities.h in Headers */ = {isa = PBXBuildFile; fileRef = 97AF92C116AC871100DB6C90 /* tloc_utilities.h */; };
		97AF92C916AC873900DB6C90 /* tloc_math.cpp in Sources */ = {isa = PBXBuildFile; fileRef = 97AF92C516AC873800DB6C90 /* tloc_math.cpp */; };
		97AF92CA16AC873900DB6C90 /* tloc_math.h in Headers */ = {isa = PBXBuildFile; fileRef = 97AF92C616AC873800DB6C90 /* tloc_math.h */; };
		97AF92CB16AC873900DB6C90 /* tlocMathBase.h in Headers */ = {isa = PBXBuildFile; fileRef = 97AF92C816AC873900DB6C90 /* tlocMathBase.h */; };
		97C87CD315DE49C500FE0A6C /* tlocMath.cpp in Sources */ = {isa = PBXBuildFile; fileRef = 97C87CD015DE49C500FE0A6C /* tlocMath.cpp */; };
		97C87CD415DE49C500FE0A6C /* tlocDepVersionCheck.cpp in Sources */ = {isa = PBXBuildFile; fileRef = 97C87CD115DE49C500FE0A6C /* tlocDepVersionCheck.cpp */; };
		97C87CD515DE49C500FE0A6C /* tlocMath.h in Headers */ = {isa = PBXBuildFile; fileRef = 97C87CD215DE49C500FE0A6C /* tlocMath.h */; };
		97CC765D157DD64400764CF3 /* Foundation.framework in Frameworks */ = {isa = PBXBuildFile; fileRef = 97CC765C157DD64400764CF3 /* Foundation.framework */; };
/* End PBXBuildFile section */
explicitFileType = sourcecode.cpp.h;

/* Begin PBXFileReference section */
		9734BB1C162580D3003956FE /* tlocPythagoras.cpp */ = {isa = PBXFileReference; fileEncoding = 4; lastKnownFileType = sourcecode.cpp.cpp; name = tlocPythagoras.cpp; path = ../../../../src/tlocMath/utilities/tlocPythagoras.cpp; sourceTree = "<group>"; };
		9734BB1D162580D3003956FE /* tlocPythagoras.h */ = {isa = PBXFileReference; fileEncoding = 4; lastKnownFileType = sourcecode.c.h; name = tlocPythagoras.h; path = ../../../../src/tlocMath/utilities/tlocPythagoras.h; sourceTree = "<group>"; };
		97AF926416AC852300DB6C90 /* tlocMathExplicitMacros.h */ = {isa = PBXFileReference; fileEncoding = 4; lastKnownFileType = sourcecode.c.h; name = tlocMathExplicitMacros.h; path = ../../../../src/tlocMath/tlocMathExplicitMacros.h; sourceTree = "<group>"; };
		97AF926816AC856700DB6C90 /* tlocComponentType.h */ = {isa = PBXFileReference; fileEncoding = 4; lastKnownFileType = sourcecode.c.h; name = tlocComponentType.h; path = ../../../../src/tlocMath/component_system/tlocComponentType.h; sourceTree = "<group>"; };
		97AF926916AC856700DB6C90 /* tlocTransform.cpp */ = {isa = PBXFileReference; fileEncoding = 4; lastKnownFileType = sourcecode.cpp.cpp; name = tlocTransform.cpp; path = ../../../../src/tlocMath/component_system/tlocTransform.cpp; sourceTree = "<group>"; };
		97AF926A16AC856700DB6C90 /* tlocTransform.h */ = {isa = PBXFileReference; fileEncoding = 4; lastKnownFileType = sourcecode.c.h; name = tlocTransform.h; path = ../../../../src/tlocMath/component_system/tlocTransform.h; sourceTree = "<group>"; };
		97AF926E16AC857900DB6C90 /* tloc_component_system.cpp */ = {isa = PBXFileReference; fileEncoding = 4; lastKnownFileType = sourcecode.cpp.cpp; name = tloc_component_system.cpp; path = ../../../../src/tlocMath/component_system/tloc_component_system.cpp; sourceTree = "<group>"; };
		97AF926F16AC857900DB6C90 /* tloc_component_system.h */ = {isa = PBXFileReference; fileEncoding = 4; lastKnownFileType = sourcecode.c.h; name = tloc_component_system.h; path = ../../../../src/tlocMath/component_system/tloc_component_system.h; sourceTree = "<group>"; };
		97AF927016AC857900DB6C90 /* tloc_component_system.inl */ = {isa = PBXFileReference; explicitFileType = sourcecode.cpp.h; explicitFileType = sourcecode.cpp.h; fileEncoding = 4; lastKnownFileType = text; name = tloc_component_system.inl; path = ../../../../src/tlocMath/component_system/tloc_component_system.inl; sourceTree = "<group>"; };
		97AF927316AC85B100DB6C90 /* tlocAngle.cpp */ = {isa = PBXFileReference; fileEncoding = 4; lastKnownFileType = sourcecode.cpp.cpp; name = tlocAngle.cpp; path = ../../../../src/tlocMath/types/tlocAngle.cpp; sourceTree = "<group>"; };
		97AF927416AC85B100DB6C90 /* tlocAngle.h */ = {isa = PBXFileReference; fileEncoding = 4; lastKnownFileType = sourcecode.c.h; name = tlocAngle.h; path = ../../../../src/tlocMath/types/tlocAngle.h; sourceTree = "<group>"; };
		97AF927516AC85B100DB6C90 /* tlocAngle.inl */ = {isa = PBXFileReference; explicitFileType = sourcecode.cpp.h; explicitFileType = sourcecode.cpp.h; fileEncoding = 4; lastKnownFileType = text; name = tlocAngle.inl; path = ../../../../src/tlocMath/types/tlocAngle.inl; sourceTree = "<group>"; };
		97AF927616AC85B100DB6C90 /* tlocAngleExplicitMacros.h */ = {isa = PBXFileReference; fileEncoding = 4; lastKnownFileType = sourcecode.c.h; name = tlocAngleExplicitMacros.h; path = ../../../../src/tlocMath/types/tlocAngleExplicitMacros.h; sourceTree = "<group>"; };
		97AF927A16AC85EA00DB6C90 /* tloc_matrix.cpp */ = {isa = PBXFileReference; fileEncoding = 4; lastKnownFileType = sourcecode.cpp.cpp; name = tloc_matrix.cpp; path = ../../../../src/tlocMath/types/tloc_matrix.cpp; sourceTree = "<group>"; };
		97AF927B16AC85EA00DB6C90 /* tloc_matrix.h */ = {isa = PBXFileReference; fileEncoding = 4; lastKnownFileType = sourcecode.c.h; name = tloc_matrix.h; path = ../../../../src/tlocMath/types/tloc_matrix.h; sourceTree = "<group>"; };
		97AF927C16AC85EA00DB6C90 /* tloc_matrix.inl */ = {isa = PBXFileReference; explicitFileType = sourcecode.cpp.h; explicitFileType = sourcecode.cpp.h; fileEncoding = 4; lastKnownFileType = text; name = tloc_matrix.inl; path = ../../../../src/tlocMath/types/tloc_matrix.inl; sourceTree = "<group>"; };
		97AF927D16AC85EA00DB6C90 /* tlocMatrix.cpp */ = {isa = PBXFileReference; fileEncoding = 4; lastKnownFileType = sourcecode.cpp.cpp; name = tlocMatrix.cpp; path = ../../../../src/tlocMath/types/tlocMatrix.cpp; sourceTree = "<group>"; };
		97AF927E16AC85EA00DB6C90 /* tlocMatrix.h */ = {isa = PBXFileReference; fileEncoding = 4; lastKnownFileType = sourcecode.c.h; name = tlocMatrix.h; path = ../../../../src/tlocMath/types/tlocMatrix.h; sourceTree = "<group>"; };
		97AF927F16AC85EA00DB6C90 /* tlocMatrix.inl */ = {isa = PBXFileReference; explicitFileType = sourcecode.cpp.h; explicitFileType = sourcecode.cpp.h; fileEncoding = 4; lastKnownFileType = text; name = tlocMatrix.inl; path = ../../../../src/tlocMath/types/tlocMatrix.inl; sourceTree = "<group>"; };
		97AF928016AC85EA00DB6C90 /* tlocMatrix2.cpp */ = {isa = PBXFileReference; fileEncoding = 4; lastKnownFileType = sourcecode.cpp.cpp; name = tlocMatrix2.cpp; path = ../../../../src/tlocMath/types/tlocMatrix2.cpp; sourceTree = "<group>"; };
		97AF928116AC85EA00DB6C90 /* tlocMatrix2.h */ = {isa = PBXFileReference; fileEncoding = 4; lastKnownFileType = sourcecode.c.h; name = tlocMatrix2.h; path = ../../../../src/tlocMath/types/tlocMatrix2.h; sourceTree = "<group>"; };
		97AF928216AC85EA00DB6C90 /* tlocMatrix2.inl */ = {isa = PBXFileReference; explicitFileType = sourcecode.cpp.h; explicitFileType = sourcecode.cpp.h; fileEncoding = 4; lastKnownFileType = text; name = tlocMatrix2.inl; path = ../../../../src/tlocMath/types/tlocMatrix2.inl; sourceTree = "<group>"; };
		97AF928316AC85EA00DB6C90 /* tlocMatrix3.cpp */ = {isa = PBXFileReference; fileEncoding = 4; lastKnownFileType = sourcecode.cpp.cpp; name = tlocMatrix3.cpp; path = ../../../../src/tlocMath/types/tlocMatrix3.cpp; sourceTree = "<group>"; };
		97AF928416AC85EA00DB6C90 /* tlocMatrix3.h */ = {isa = PBXFileReference; fileEncoding = 4; lastKnownFileType = sourcecode.c.h; name = tlocMatrix3.h; path = ../../../../src/tlocMath/types/tlocMatrix3.h; sourceTree = "<group>"; };
		97AF928516AC85EA00DB6C90 /* tlocMatrix3.inl */ = {isa = PBXFileReference; explicitFileType = sourcecode.cpp.h; explicitFileType = sourcecode.cpp.h; fileEncoding = 4; lastKnownFileType = text; name = tlocMatrix3.inl; path = ../../../../src/tlocMath/types/tlocMatrix3.inl; sourceTree = "<group>"; };
		97AF928616AC85EA00DB6C90 /* tlocMatrix4.cpp */ = {isa = PBXFileReference; fileEncoding = 4; lastKnownFileType = sourcecode.cpp.cpp; name = tlocMatrix4.cpp; path = ../../../../src/tlocMath/types/tlocMatrix4.cpp; sourceTree = "<group>"; };
		97AF928716AC85EA00DB6C90 /* tlocMatrix4.h */ = {isa = PBXFileReference; fileEncoding = 4; lastKnownFileType = sourcecode.c.h; name = tlocMatrix4.h; path = ../../../../src/tlocMath/types/tlocMatrix4.h; sourceTree = "<group>"; };
		97AF928816AC85EA00DB6C90 /* tlocMatrix4.inl */ = {isa = PBXFileReference; explicitFileType = sourcecode.cpp.h; explicitFileType = sourcecode.cpp.h; fileEncoding = 4; lastKnownFileType = text; name = tlocMatrix4.inl; path = ../../../../src/tlocMath/types/tlocMatrix4.inl; sourceTree = "<group>"; };
		97AF928916AC85EA00DB6C90 /* tlocMatrixExplicitMacros.h */ = {isa = PBXFileReference; fileEncoding = 4; lastKnownFileType = sourcecode.c.h; name = tlocMatrixExplicitMacros.h; path = ../../../../src/tlocMath/types/tlocMatrixExplicitMacros.h; sourceTree = "<group>"; };
		97AF929716AC863900DB6C90 /* tlocCircle.cpp */ = {isa = PBXFileReference; fileEncoding = 4; lastKnownFileType = sourcecode.cpp.cpp; name = tlocCircle.cpp; path = ../../../../src/tlocMath/types/tlocCircle.cpp; sourceTree = "<group>"; };
		97AF929816AC863900DB6C90 /* tlocCircle.h */ = {isa = PBXFileReference; fileEncoding = 4; lastKnownFileType = sourcecode.c.h; name = tlocCircle.h; path = ../../../../src/tlocMath/types/tlocCircle.h; sourceTree = "<group>"; };
		97AF929C16AC866E00DB6C90 /* tlocRectangle.cpp */ = {isa = PBXFileReference; fileEncoding = 4; lastKnownFileType = sourcecode.cpp.cpp; name = tlocRectangle.cpp; path = ../../../../src/tlocMath/types/tlocRectangle.cpp; sourceTree = "<group>"; };
		97AF929D16AC866E00DB6C90 /* tlocRectangle.h */ = {isa = PBXFileReference; fileEncoding = 4; lastKnownFileType = sourcecode.c.h; name = tlocRectangle.h; path = ../../../../src/tlocMath/types/tlocRectangle.h; sourceTree = "<group>"; };
		97AF92A016AC86BE00DB6C90 /* tloc_vector.cpp */ = {isa = PBXFileReference; fileEncoding = 4; lastKnownFileType = sourcecode.cpp.cpp; name = tloc_vector.cpp; path = ../../../../src/tlocMath/types/tloc_vector.cpp; sourceTree = "<group>"; };
		97AF92A116AC86BE00DB6C90 /* tloc_vector.h */ = {isa = PBXFileReference; fileEncoding = 4; lastKnownFileType = sourcecode.c.h; name = tloc_vector.h; path = ../../../../src/tlocMath/types/tloc_vector.h; sourceTree = "<group>"; };
		97AF92A216AC86BE00DB6C90 /* tloc_vector.inl */ = {isa = PBXFileReference; explicitFileType = sourcecode.cpp.h; explicitFileType = sourcecode.cpp.h; fileEncoding = 4; lastKnownFileType = text; name = tloc_vector.inl; path = ../../../../src/tlocMath/types/tloc_vector.inl; sourceTree = "<group>"; };
		97AF92A316AC86BE00DB6C90 /* tlocVector.cpp */ = {isa = PBXFileReference; fileEncoding = 4; lastKnownFileType = sourcecode.cpp.cpp; name = tlocVector.cpp; path = ../../../../src/tlocMath/types/tlocVector.cpp; sourceTree = "<group>"; };
		97AF92A416AC86BE00DB6C90 /* tlocVector.h */ = {isa = PBXFileReference; fileEncoding = 4; lastKnownFileType = sourcecode.c.h; name = tlocVector.h; path = ../../../../src/tlocMath/types/tlocVector.h; sourceTree = "<group>"; };
		97AF92A516AC86BE00DB6C90 /* tlocVector.inl */ = {isa = PBXFileReference; explicitFileType = sourcecode.cpp.h; explicitFileType = sourcecode.cpp.h; explicitFileType = sourcecode.cpp.h; fileEncoding = 4; name = tlocVector.inl; path = ../../../../src/tlocMath/types/tlocVector.inl; sourceTree = "<group>"; xcLanguageSpecificationIdentifier = xcode.lang.cpp; };
		97AF92A616AC86BE00DB6C90 /* tlocVector2.cpp */ = {isa = PBXFileReference; fileEncoding = 4; lastKnownFileType = sourcecode.cpp.cpp; name = tlocVector2.cpp; path = ../../../../src/tlocMath/types/tlocVector2.cpp; sourceTree = "<group>"; };
		97AF92A716AC86BE00DB6C90 /* tlocVector2.h */ = {isa = PBXFileReference; fileEncoding = 4; lastKnownFileType = sourcecode.c.h; name = tlocVector2.h; path = ../../../../src/tlocMath/types/tlocVector2.h; sourceTree = "<group>"; };
		97AF92A816AC86BE00DB6C90 /* tlocVector2.inl */ = {isa = PBXFileReference; explicitFileType = sourcecode.cpp.h; explicitFileType = sourcecode.cpp.h; fileEncoding = 4; lastKnownFileType = text; name = tlocVector2.inl; path = ../../../../src/tlocMath/types/tlocVector2.inl; sourceTree = "<group>"; };
		97AF92A916AC86BE00DB6C90 /* tlocVector3.cpp */ = {isa = PBXFileReference; fileEncoding = 4; lastKnownFileType = sourcecode.cpp.cpp; name = tlocVector3.cpp; path = ../../../../src/tlocMath/types/tlocVector3.cpp; sourceTree = "<group>"; };
		97AF92AA16AC86BE00DB6C90 /* tlocVector3.h */ = {isa = PBXFileReference; fileEncoding = 4; lastKnownFileType = sourcecode.c.h; name = tlocVector3.h; path = ../../../../src/tlocMath/types/tlocVector3.h; sourceTree = "<group>"; };
		97AF92AB16AC86BE00DB6C90 /* tlocVector3.inl */ = {isa = PBXFileReference; explicitFileType = sourcecode.cpp.h; explicitFileType = sourcecode.cpp.h; fileEncoding = 4; lastKnownFileType = text; name = tlocVector3.inl; path = ../../../../src/tlocMath/types/tlocVector3.inl; sourceTree = "<group>"; };
		97AF92AC16AC86BE00DB6C90 /* tlocVector4.cpp */ = {isa = PBXFileReference; fileEncoding = 4; lastKnownFileType = sourcecode.cpp.cpp; name = tlocVector4.cpp; path = ../../../../src/tlocMath/types/tlocVector4.cpp; sourceTree = "<group>"; };
		97AF92AD16AC86BE00DB6C90 /* tlocVector4.h */ = {isa = PBXFileReference; fileEncoding = 4; lastKnownFileType = sourcecode.c.h; name = tlocVector4.h; path = ../../../../src/tlocMath/types/tlocVector4.h; sourceTree = "<group>"; };
		97AF92AE16AC86BE00DB6C90 /* tlocVector4.inl */ = {isa = PBXFileReference; explicitFileType = sourcecode.cpp.h; explicitFileType = sourcecode.cpp.h; fileEncoding = 4; lastKnownFileType = text; name = tlocVector4.inl; path = ../../../../src/tlocMath/types/tlocVector4.inl; sourceTree = "<group>"; };
		97AF92AF16AC86BE00DB6C90 /* tlocVectorExplicitMacros.h */ = {isa = PBXFileReference; fileEncoding = 4; lastKnownFileType = sourcecode.c.h; name = tlocVectorExplicitMacros.h; path = ../../../../src/tlocMath/types/tlocVectorExplicitMacros.h; sourceTree = "<group>"; };
		97AF92BB16AC86EC00DB6C90 /* tloc_types.cpp */ = {isa = PBXFileReference; fileEncoding = 4; lastKnownFileType = sourcecode.cpp.cpp; name = tloc_types.cpp; path = ../../../../src/tlocMath/types/tloc_types.cpp; sourceTree = "<group>"; };
		97AF92BC16AC86EC00DB6C90 /* tloc_types.h */ = {isa = PBXFileReference; fileEncoding = 4; lastKnownFileType = sourcecode.c.h; name = tloc_types.h; path = ../../../../src/tlocMath/types/tloc_types.h; sourceTree = "<group>"; };
		97AF92BD16AC86EC00DB6C90 /* tloc_types.inl */ = {isa = PBXFileReference; explicitFileType = sourcecode.cpp.h; explicitFileType = sourcecode.cpp.h; fileEncoding = 4; lastKnownFileType = text; name = tloc_types.inl; path = ../../../../src/tlocMath/types/tloc_types.inl; sourceTree = "<group>"; };
		97AF92C016AC871100DB6C90 /* tloc_utilities.cpp */ = {isa = PBXFileReference; fileEncoding = 4; lastKnownFileType = sourcecode.cpp.cpp; name = tloc_utilities.cpp; path = ../../../../src/tlocMath/utilities/tloc_utilities.cpp; sourceTree = "<group>"; };
		97AF92C116AC871100DB6C90 /* tloc_utilities.h */ = {isa = PBXFileReference; fileEncoding = 4; lastKnownFileType = sourcecode.c.h; name = tloc_utilities.h; path = ../../../../src/tlocMath/utilities/tloc_utilities.h; sourceTree = "<group>"; };
		97AF92C216AC871100DB6C90 /* tloc_utilities.inl */ = {isa = PBXFileReference; explicitFileType = sourcecode.cpp.h; explicitFileType = sourcecode.cpp.h; fileEncoding = 4; lastKnownFileType = text; name = tloc_utilities.inl; path = ../../../../src/tlocMath/utilities/tloc_utilities.inl; sourceTree = "<group>"; };
		97AF92C516AC873800DB6C90 /* tloc_math.cpp */ = {isa = PBXFileReference; fileEncoding = 4; lastKnownFileType = sourcecode.cpp.cpp; name = tloc_math.cpp; path = ../../../../src/tlocMath/tloc_math.cpp; sourceTree = "<group>"; };
		97AF92C616AC873800DB6C90 /* tloc_math.h */ = {isa = PBXFileReference; fileEncoding = 4; lastKnownFileType = sourcecode.c.h; name = tloc_math.h; path = ../../../../src/tlocMath/tloc_math.h; sourceTree = "<group>"; };
		97AF92C716AC873900DB6C90 /* tloc_math.inl */ = {isa = PBXFileReference; explicitFileType = sourcecode.cpp.h; fileEncoding = 4; lastKnownFileType = text; name = tloc_math.inl; path = ../../../../src/tlocMath/tloc_math.inl; sourceTree = "<group>"; };
		97AF92C816AC873900DB6C90 /* tlocMathBase.h */ = {isa = PBXFileReference; fileEncoding = 4; lastKnownFileType = sourcecode.c.h; name = tlocMathBase.h; path = ../../../../src/tlocMath/tlocMathBase.h; sourceTree = "<group>"; };
		97C87CCF15DE49C500FE0A6C /* tlocMath.inl */ = {isa = PBXFileReference; explicitFileType = sourcecode.cpp.h; explicitFileType = sourcecode.cpp.h; fileEncoding = 4; name = tlocMath.inl; path = ../../../../src/tlocMath/tlocMath.inl; sourceTree = "<group>"; };
		97C87CD015DE49C500FE0A6C /* tlocMath.cpp */ = {isa = PBXFileReference; fileEncoding = 4; lastKnownFileType = sourcecode.cpp.cpp; name = tlocMath.cpp; path = ../../../../src/tlocMath/tlocMath.cpp; sourceTree = "<group>"; };
		97C87CD115DE49C500FE0A6C /* tlocDepVersionCheck.cpp */ = {isa = PBXFileReference; fileEncoding = 4; lastKnownFileType = sourcecode.cpp.cpp; name = tlocDepVersionCheck.cpp; path = ../../../../src/tlocMath/tlocDepVersionCheck.cpp; sourceTree = "<group>"; };
		97C87CD215DE49C500FE0A6C /* tlocMath.h */ = {isa = PBXFileReference; fileEncoding = 4; lastKnownFileType = sourcecode.c.h; name = tlocMath.h; path = ../../../../src/tlocMath/tlocMath.h; sourceTree = "<group>"; };
		97CC7659157DD64400764CF3 /* tlocMath_Debug.a */ = {isa = PBXFileReference; explicitFileType = archive.ar; includeInIndex = 0; path = tlocMath_Debug.a; sourceTree = BUILT_PRODUCTS_DIR; };
		97CC765C157DD64400764CF3 /* Foundaton.framework */ = {isa = PBXFileReference; lastKnownFileType = wrapper.framework; name = Foundation.framework; path = System/Library/Frameworks/Foundation.framework; sourceTree = SDKROOT; };
/* End PBXFileReference section */

/* Begin PBXFrameworksBuildPhase section */
		97CC7656157DD64400764CF3 /* Frameworks */ = {
			isa = PBXFrameworksBuildPhase;
			buildActionMask = 2147483647;
			files = (
				97CC765D157DD64400764CF3 /* Foundation.framework in Frameworks */,
			);
			runOnlyForDeploymentPostprocessing = 0;
		};
/* End PBXFrameworksBuildPhase section */

/* Begin PBXGroup section */
		9734BB1B162580B0003956FE /* utilities */ = {
			isa = PBXGroup;
			children = (
				97AF92C016AC871100DB6C90 /* tloc_utilities.cpp */,
				97AF92C116AC871100DB6C90 /* tloc_utilities.h */,
				97AF92C216AC871100DB6C90 /* tloc_utilities.inl */,
				9734BB1C162580D3003956FE /* tlocPythagoras.cpp */,
				9734BB1D162580D3003956FE /* tlocPythagoras.h */,
			);
			name = utilities;
			sourceTree = "<group>";
		};
		97AF926216AC84C600DB6C90 /* _misc */ = {
			isa = PBXGroup;
			children = (
				97AF926316AC84D200DB6C90 /* math */,
			);
			name = _misc;
			sourceTree = "<group>";
		};
		97AF926316AC84D200DB6C90 /* math */ = {
			isa = PBXGroup;
			children = (
				97C87CCF15DE49C500FE0A6C /* tlocMath.inl */,
				97C87CD015DE49C500FE0A6C /* tlocMath.cpp */,
				97C87CD215DE49C500FE0A6C /* tlocMath.h */,
				97AF926416AC852300DB6C90 /* tlocMathExplicitMacros.h */,
			);
			name = math;
			sourceTree = "<group>";
		};
		97AF926616AC853400DB6C90 /* component_system */ = {
			isa = PBXGroup;
			children = (
				97AF926716AC854100DB6C90 /* components */,
				97AF926E16AC857900DB6C90 /* tloc_component_system.cpp */,
				97AF926F16AC857900DB6C90 /* tloc_component_system.h */,
				97AF927016AC857900DB6C90 /* tloc_component_system.inl */,
			);
			name = component_system;
			sourceTree = "<group>";
		};
		97AF926716AC854100DB6C90 /* components */ = {
			isa = PBXGroup;
			children = (
				97AF926816AC856700DB6C90 /* tlocComponentType.h */,
				97AF926916AC856700DB6C90 /* tlocTransform.cpp */,
				97AF926A16AC856700DB6C90 /* tlocTransform.h */,
			);
			name = components;
			sourceTree = "<group>";
		};
		97AF929516AC85FB00DB6C90 /* types */ = {
			isa = PBXGroup;
			children = (
				97F9063E161D0F5900BD8A39 /* angle */,
				97AF929616AC861E00DB6C90 /* circle */,
				97C87CD715DE49D200FE0A6C /* matrix */,
				97AF929B16AC864400DB6C90 /* rectangle */,
				97C87CD615DE49C800FE0A6C /* vector */,
				97AF92BB16AC86EC00DB6C90 /* tloc_types.cpp */,
				97AF92BC16AC86EC00DB6C90 /* tloc_types.h */,
				97AF92BD16AC86EC00DB6C90 /* tloc_types.inl */,
			);
			name = types;
			sourceTree = "<group>";
		};
		97AF929616AC861E00DB6C90 /* circle */ = {
			isa = PBXGroup;
			children = (
				97AF929716AC863900DB6C90 /* tlocCircle.cpp */,
				97AF929816AC863900DB6C90 /* tlocCircle.h */,
			);
			name = circle;
			sourceTree = "<group>";
		};
		97AF929B16AC864400DB6C90 /* rectangle */ = {
			isa = PBXGroup;
			children = (
				97AF929C16AC866E00DB6C90 /* tlocRectangle.cpp */,
				97AF929D16AC866E00DB6C90 /* tlocRectangle.h */,
			);
			name = rectangle;
			sourceTree = "<group>";
		};
		97C87BE015DE3DA800FE0A6C /* tlocMath */ = {
			isa = PBXGroup;
			children = (
				97AF926216AC84C600DB6C90 /* _misc */,
				97AF926616AC853400DB6C90 /* component_system */,
				97AF929516AC85FB00DB6C90 /* types */,
				9734BB1B162580B0003956FE /* utilities */,
				97AF92C516AC873800DB6C90 /* tloc_math.cpp */,
				97AF92C616AC873800DB6C90 /* tloc_math.h */,
				97AF92C716AC873900DB6C90 /* tloc_math.inl */,
				97C87CD115DE49C500FE0A6C /* tlocDepVersionCheck.cpp */,
				97AF92C816AC873900DB6C90 /* tlocMathBase.h */,
			);
			name = tlocMath;
			sourceTree = "<group>";
		};
		97C87CD615DE49C800FE0A6C /* vector */ = {
			isa = PBXGroup;
			children = (
				97AF92A016AC86BE00DB6C90 /* tloc_vector.cpp */,
				97AF92A116AC86BE00DB6C90 /* tloc_vector.h */,
				97AF92A216AC86BE00DB6C90 /* tloc_vector.inl */,
				97AF92A316AC86BE00DB6C90 /* tlocVector.cpp */,
				97AF92A416AC86BE00DB6C90 /* tlocVector.h */,
				97AF92A516AC86BE00DB6C90 /* tlocVector.inl */,
				97AF92A616AC86BE00DB6C90 /* tlocVector2.cpp */,
				97AF92A716AC86BE00DB6C90 /* tlocVector2.h */,
				97AF92A816AC86BE00DB6C90 /* tlocVector2.inl */,
				97AF92A916AC86BE00DB6C90 /* tlocVector3.cpp */,
				97AF92AA16AC86BE00DB6C90 /* tlocVector3.h */,
				97AF92AB16AC86BE00DB6C90 /* tlocVector3.inl */,
				97AF92AC16AC86BE00DB6C90 /* tlocVector4.cpp */,
				97AF92AD16AC86BE00DB6C90 /* tlocVector4.h */,
				97AF92AE16AC86BE00DB6C90 /* tlocVector4.inl */,
				97AF92AF16AC86BE00DB6C90 /* tlocVectorExplicitMacros.h */,
			);
			name = vector;
			sourceTree = "<group>";
		};
		97C87CD715DE49D200FE0A6C /* matrix */ = {
			isa = PBXGroup;
			children = (
				97AF927A16AC85EA00DB6C90 /* tloc_matrix.cpp */,
				97AF927B16AC85EA00DB6C90 /* tloc_matrix.h */,
				97AF927C16AC85EA00DB6C90 /* tloc_matrix.inl */,
				97AF927D16AC85EA00DB6C90 /* tlocMatrix.cpp */,
				97AF927E16AC85EA00DB6C90 /* tlocMatrix.h */,
				97AF927F16AC85EA00DB6C90 /* tlocMatrix.inl */,
				97AF928016AC85EA00DB6C90 /* tlocMatrix2.cpp */,
				97AF928116AC85EA00DB6C90 /* tlocMatrix2.h */,
				97AF928216AC85EA00DB6C90 /* tlocMatrix2.inl */,
				97AF928316AC85EA00DB6C90 /* tlocMatrix3.cpp */,
				97AF928416AC85EA00DB6C90 /* tlocMatrix3.h */,
				97AF928516AC85EA00DB6C90 /* tlocMatrix3.inl */,
				97AF928616AC85EA00DB6C90 /* tlocMatrix4.cpp */,
				97AF928716AC85EA00DB6C90 /* tlocMatrix4.h */,
				97AF928816AC85EA00DB6C90 /* tlocMatrix4.inl */,
				97AF928916AC85EA00DB6C90 /* tlocMatrixExplicitMacros.h */,
			);
			name = matrix;
			sourceTree = "<group>";
		};
		97CC764E157DD64400764CF3 = {
			isa = PBXGroup;
			children = (
				97C87BE015DE3DA800FE0A6C /* tlocMath */,
				97CC765B157DD64400764CF3 /* Frameworks */,
				97CC765A157DD64400764CF3 /* Products */,
			);
			sourceTree = "<group>";
		};
		97CC765A157DD64400764CF3 /* Products */ = {
			isa = PBXGroup;
			children = (
				97CC7659157DD64400764CF3 /* tlocMath_Debug.a */,
			);
			name = Products;
			sourceTree = "<group>";
		};
		97CC765B157DD64400764CF3 /* Frameworks */ = {
			isa = PBXGroup;
			children = (
				97CC765C157DD64400764CF3 /* Foundation.framework */,
			);
			name = Frameworks;
			sourceTree = "<group>";
		};
		97F9063E161D0F5900BD8A39 /* angle */ = {
			isa = PBXGroup;
			children = (
				97AF927316AC85B100DB6C90 /* tlocAngle.cpp */,
				97AF927416AC85B100DB6C90 /* tlocAngle.h */,
				97AF927516AC85B100DB6C90 /* tlocAngle.inl */,
				97AF927616AC85B100DB6C90 /* tlocAngleExplicitMacros.h */,
			);
			name = angle;
			sourceTree = "<group>";
		};
/* End PBXGroup section */

/* Begin PBXHeadersBuildPhase section */
		97CC7657157DD64400764CF3 /* Headers */ = {
			isa = PBXHeadersBuildPhase;
			buildActionMask = 2147483647;
			files = (
				97C87CD515DE49C500FE0A6C /* tlocMath.h in Headers */,
				9734BB1F162580D3003956FE /* tlocPythagoras.h in Headers */,
				97AF926516AC852300DB6C90 /* tlocMathExplicitMacros.h in Headers */,
				97AF926B16AC856700DB6C90 /* tlocComponentType.h in Headers */,
				97AF926D16AC856700DB6C90 /* tlocTransform.h in Headers */,
				97AF927216AC857900DB6C90 /* tloc_component_system.h in Headers */,
				97AF927816AC85B100DB6C90 /* tlocAngle.h in Headers */,
				97AF927916AC85B100DB6C90 /* tlocAngleExplicitMacros.h in Headers */,
				97AF928B16AC85EA00DB6C90 /* tloc_matrix.h in Headers */,
				97AF928D16AC85EA00DB6C90 /* tlocMatrix.h in Headers */,
				97AF928F16AC85EA00DB6C90 /* tlocMatrix2.h in Headers */,
				97AF929116AC85EA00DB6C90 /* tlocMatrix3.h in Headers */,
				97AF929316AC85EA00DB6C90 /* tlocMatrix4.h in Headers */,
				97AF929416AC85EA00DB6C90 /* tlocMatrixExplicitMacros.h in Headers */,
				97AF929A16AC863900DB6C90 /* tlocCircle.h in Headers */,
				97AF929F16AC866E00DB6C90 /* tlocRectangle.h in Headers */,
				97AF92B116AC86BE00DB6C90 /* tloc_vector.h in Headers */,
				97AF92B316AC86BE00DB6C90 /* tlocVector.h in Headers */,
				97AF92B516AC86BE00DB6C90 /* tlocVector2.h in Headers */,
				97AF92B716AC86BE00DB6C90 /* tlocVector3.h in Headers */,
				97AF92B916AC86BE00DB6C90 /* tlocVector4.h in Headers */,
				97AF92BA16AC86BE00DB6C90 /* tlocVectorExplicitMacros.h in Headers */,
				97AF92BF16AC86EC00DB6C90 /* tloc_types.h in Headers */,
				97AF92C416AC871100DB6C90 /* tloc_utilities.h in Headers */,
				97AF92CA16AC873900DB6C90 /* tloc_math.h in Headers */,
				97AF92CB16AC873900DB6C90 /* tlocMathBase.h in Headers */,
			);
			runOnlyForDeploymentPostprocessing = 0;
		};
/* End PBXHeadersBuildPhase section */

/* Begin PBXNativeTarget section */
		97CC7658157DD64400764CF3 /* tlocMath */ = {
			isa = PBXNativeTarget;
			buildConfigurationList = 97CC7666157DD64400764CF3 /* Build configuration list for PBXNativeTarget "tlocMath" */;
			buildPhases = (
				97CC7655157DD64400764CF3 /* Sources */,
				97CC7656157DD64400764CF3 /* Frameworks */,
				97CC7657157DD64400764CF3 /* Headers */,
			);
			buildRules = (
			);
			dependencies = (
			);
			name = tlocMath;
			productName = tlocMath;
			productReference = 97CC7659157DD64400764CF3 /* tlocMath_Debug.a */;
			productType = "com.apple.product-type.library.static";
		};
/* End PBXNativeTarget section */

/* Begin PBXProject section */
		97CC7650157DD64400764CF3 /* Project object */ = {
			isa = PBXProject;
			attributes = {
				LastUpgradeCheck = 0430;
			};
			buildConfigurationList = 97CC7653157DD64400764CF3 /* Build configuration list for PBXProject "tlocMath" */;
			compatibilityVersion = "Xcode 3.2";
			developmentRegion = English;
			hasScannedForEncodings = 0;
			knownRegions = (
				en,
			);
			mainGroup = 97CC764E157DD64400764CF3;
			productRefGroup = 97CC765A157DD64400764CF3 /* Products */;
			projectDirPath = "";
			projectRoot = "";
			targets = (
				97CC7658157DD64400764CF3 /* tlocMath */,
			);
		};
/* End PBXProject section */

/* Begin PBXSourcesBuildPhase section */
		97CC7655157DD64400764CF3 /* Sources */ = {
			isa = PBXSourcesBuildPhase;
			buildActionMask = 2147483647;
			files = (
				97C87CD315DE49C500FE0A6C /* tlocMath.cpp in Sources */,
				97C87CD415DE49C500FE0A6C /* tlocDepVersionCheck.cpp in Sources */,
				9734BB1E162580D3003956FE /* tlocPythagoras.cpp in Sources */,
				97AF926C16AC856700DB6C90 /* tlocTransform.cpp in Sources */,
				97AF927116AC857900DB6C90 /* tloc_component_system.cpp in Sources */,
				97AF927716AC85B100DB6C90 /* tlocAngle.cpp in Sources */,
				97AF928A16AC85EA00DB6C90 /* tloc_matrix.cpp in Sources */,
				97AF928C16AC85EA00DB6C90 /* tlocMatrix.cpp in Sources */,
				97AF928E16AC85EA00DB6C90 /* tlocMatrix2.cpp in Sources */,
				97AF929016AC85EA00DB6C90 /* tlocMatrix3.cpp in Sources */,
				97AF929216AC85EA00DB6C90 /* tlocMatrix4.cpp in Sources */,
				97AF929916AC863900DB6C90 /* tlocCircle.cpp in Sources */,
				97AF929E16AC866E00DB6C90 /* tlocRectangle.cpp in Sources */,
				97AF92B016AC86BE00DB6C90 /* tloc_vector.cpp in Sources */,
				97AF92B216AC86BE00DB6C90 /* tlocVector.cpp in Sources */,
				97AF92B416AC86BE00DB6C90 /* tlocVector2.cpp in Sources */,
				97AF92B616AC86BE00DB6C90 /* tlocVector3.cpp in Sources */,
				97AF92B816AC86BE00DB6C90 /* tlocVector4.cpp in Sources */,
				97AF92BE16AC86EC00DB6C90 /* tloc_types.cpp in Sources */,
				97AF92C316AC871100DB6C90 /* tloc_utilities.cpp in Sources */,
				97AF92C916AC873900DB6C90 /* tloc_math.cpp in Sources */,
			);
			runOnlyForDeploymentPostprocessing = 0;
		};
/* End PBXSourcesBuildPhase section */

/* Begin XCBuildConfiguration section */
		97CC7664157DD64400764CF3 /* Debug */ = {
			isa = XCBuildConfiguration;
			buildSettings = {
				ALWAYS_SEARCH_USER_PATHS = YES;
				ARCHS = "$(ARCHS_STANDARD_32_BIT)";
				CONFIGURATION_BUILD_DIR = "$(TLOC_PATH)/lib/Xcode4/$(CONFIGURATION)/$(EFFECTIVE_PLATFORM_NAME)/$(PROJECT_NAME)";
				CONFIGURATION_TEMP_DIR = "$(CONFIGURATION)/$(EFFECTIVE_PLATFORM_NAME)";
				COPY_PHASE_STRIP = NO;
				GCC_C_LANGUAGE_STANDARD = gnu99;
				GCC_DYNAMIC_NO_PIC = NO;
				GCC_ENABLE_CPP_EXCEPTIONS = NO;
				GCC_ENABLE_CPP_RTTI = NO;
				GCC_ENABLE_OBJC_EXCEPTIONS = NO;
				GCC_OPTIMIZATION_LEVEL = 0;
				GCC_PREPROCESSOR_DEFINITIONS = (
					"DEBUG=1",
					"$(inherited)",
				);
				GCC_PREPROCESSOR_DEFINITIONS_NOT_USED_IN_PRECOMPS = TLOC_DEBUG;
				GCC_SYMBOLS_PRIVATE_EXTERN = NO;
				GCC_VERSION = com.apple.compilers.llvm.clang.1_0;
				GCC_WARN_ABOUT_RETURN_TYPE = YES;
				GCC_WARN_UNINITIALIZED_AUTOS = YES;
				GCC_WARN_UNUSED_VARIABLE = YES;
				IPHONEOS_DEPLOYMENT_TARGET = 5.1;
				OTHER_CFLAGS = (
					"-fno-exceptions",
					"-fno-rtti",
				);
				SDKROOT = iphoneos;
				USER_HEADER_SEARCH_PATHS = "$(TLOC_PATH)/src/ $(TLOC_DEP_PATH)/src/";
			};
			name = Debug;
		};
		97CC7665157DD64400764CF3 /* Release */ = {
			isa = XCBuildConfiguration;
			buildSettings = {
				ALWAYS_SEARCH_USER_PATHS = YES;
				ARCHS = "$(ARCHS_STANDARD_32_BIT)";
				CONFIGURATION_BUILD_DIR = "$(TLOC_PATH)/lib/Xcode4/$(CONFIGURATION)/$(EFFECTIVE_PLATFORM_NAME)/$(PROJECT_NAME)";
				CONFIGURATION_TEMP_DIR = "$(CONFIGURATION)/$(EFFECTIVE_PLATFORM_NAME)";
				COPY_PHASE_STRIP = YES;
				GCC_C_LANGUAGE_STANDARD = gnu99;
				GCC_ENABLE_CPP_EXCEPTIONS = NO;
				GCC_ENABLE_CPP_RTTI = NO;
				GCC_ENABLE_OBJC_EXCEPTIONS = NO;
				GCC_PREPROCESSOR_DEFINITIONS_NOT_USED_IN_PRECOMPS = TLOC_RELEASE;
				GCC_VERSION = com.apple.compilers.llvm.clang.1_0;
				GCC_WARN_ABOUT_RETURN_TYPE = YES;
				GCC_WARN_UNINITIALIZED_AUTOS = YES;
				GCC_WARN_UNUSED_VARIABLE = YES;
				IPHONEOS_DEPLOYMENT_TARGET = 5.1;
				OTHER_CFLAGS = (
					"-fno-exceptions",
					"-fno-rtti",
				);
				SDKROOT = iphoneos;
				USER_HEADER_SEARCH_PATHS = "$(TLOC_PATH)/src/ $(TLOC_DEP_PATH)/src/";
				VALIDATE_PRODUCT = YES;
			};
			name = Release;
		};
		97CC7667157DD64400764CF3 /* Debug */ = {
			isa = XCBuildConfiguration;
			buildSettings = {
				DSTROOT = /tmp/tlocMath.dst;
				EXECUTABLE_PREFIX = "";
				OTHER_LDFLAGS = "-ObjC";
				PRODUCT_NAME = "$(PROJECT_NAME)_$(CONFIGURATION)";
				SKIP_INSTALL = YES;
			};
			name = Debug;
		};
		97CC7668157DD64400764CF3 /* Release */ = {
			isa = XCBuildConfiguration;
			buildSettings = {
				DSTROOT = /tmp/tlocMath.dst;
				EXECUTABLE_PREFIX = "";
				OTHER_LDFLAGS = "-ObjC";
				PRODUCT_NAME = "$(PROJECT_NAME)_$(CONFIGURATION)";
				SKIP_INSTALL = YES;
			};
			name = Release;
		};
/* End XCBuildConfiguration section */

/* Begin XCConfigurationList section */
		97CC7653157DD64400764CF3 /* Build configuration list for PBXProject "tlocMath" */ = {
			isa = XCConfigurationList;
			buildConfigurations = (
				97CC7664157DD64400764CF3 /* Debug */,
				97CC7665157DD64400764CF3 /* Release */,
			);
			defaultConfigurationIsVisible = 0;
			defaultConfigurationName = Release;
		};
		97CC7666157DD64400764CF3 /* Build configuration list for PBXNativeTarget "tlocMath" */ = {
			isa = XCConfigurationList;
			buildConfigurations = (
				97CC7667157DD64400764CF3 /* Debug */,
				97CC7668157DD64400764CF3 /* Release */,
			);
			defaultConfigurationIsVisible = 0;
			defaultConfigurationName = Release;
		};
/* End XCConfigurationList section */
	};
	rootObject = 97CC7650157DD64400764CF3 /* Project object */;
}
